Microsoft Visual Studio Solution File, Format Version 12.00
# Visual Studio 15
Project("{2150E333-8FDC-42A3-9474-1A3956D46DE8}") = "benchmark", "benchmark", "{C043C7E8-153C-3DE0-8DDE-4A1123134E48}"
EndProject
Project("{2150E333-8FDC-42A3-9474-1A3956D46DE8}") = "cmake", "cmake", "{EC41C3A6-E368-3487-9D9A-0CC6F3169795}"
EndProject
Project("{2150E333-8FDC-42A3-9474-1A3956D46DE8}") = "examples", "examples", "{976E3863-5C10-3630-9B7D-8B71E7CD0D22}"
EndProject
Project("{2150E333-8FDC-42A3-9474-1A3956D46DE8}") = "glslang", "glslang", "{59F2B27D-14B9-3C28-9067-A59BE1FA9FB8}"
EndProject
Project("{2150E333-8FDC-42A3-9474-1A3956D46DE8}") = "libncnn", "libncnn", "{65660CF1-5A88-33C1-8259-724F03CAEC32}"
EndProject
Project("{2150E333-8FDC-42A3-9474-1A3956D46DE8}") = "tools", "tools", "{75AED31D-066A-38C1-902D-3416A38B6F56}"
EndProject
Project("{2150E333-8FDC-42A3-9474-1A3956D46DE8}") = "converter", "tools\converter", "{4168CC49-E6FC-3C1C-85F9-1F907E844348}"
EndProject
Project("{2150E333-8FDC-42A3-9474-1A3956D46DE8}") = "optimization", "tools\optimization", "{4A6A0B97-C942-3EB5-8699-72BB0B15BBDF}"
EndProject
Project("{8BC9CEB8-8B4A-11D0-8D11-00A0C91BC942}") = "ALL_BUILD", "ALL_BUILD.vcxproj", "{AFB8CE74-CA4C-3519-BCF6-A547D1017229}"
	ProjectSection(ProjectDependencies) = postProject
		{6A24F1E1-0907-3223-8543-A95FC1BDFABF} = {6A24F1E1-0907-3223-8543-A95FC1BDFABF}
		{872C4012-48F4-3E8F-A836-80DD34A89D14} = {872C4012-48F4-3E8F-A836-80DD34A89D14}
		{6BDFFAB9-9824-36D8-A4CB-3E39A2F5F3E7} = {6BDFFAB9-9824-36D8-A4CB-3E39A2F5F3E7}
		{638F879A-4186-31DB-8A8E-2FC4AC3D80BE} = {638F879A-4186-31DB-8A8E-2FC4AC3D80BE}
		{B6B06A77-7CCC-3879-A2FA-E609994C2AEB} = {B6B06A77-7CCC-3879-A2FA-E609994C2AEB}
		{C7CAC867-1B61-3AA5-A5D3-0B6B2D5F4FB5} = {C7CAC867-1B61-3AA5-A5D3-0B6B2D5F4FB5}
		{D2598A81-495C-3BC1-9723-14CEB152F180} = {D2598A81-495C-3BC1-9723-14CEB152F180}
		{DA09B441-06CC-32B6-BDAE-B23B635B5588} = {DA09B441-06CC-32B6-BDAE-B23B635B5588}
		{412E8691-3F89-346F-9581-3F7A13EC146E} = {412E8691-3F89-346F-9581-3F7A13EC146E}
		{59E0D756-B428-317F-851F-9E8B0F12CA9A} = {59E0D756-B428-317F-851F-9E8B0F12CA9A}
		{924BAD2B-3EC3-3DFB-A446-A3F1D5F732E9} = {924BAD2B-3EC3-3DFB-A446-A3F1D5F732E9}
		{EB6AC398-208D-3851-9945-6048ADF9C2CB} = {EB6AC398-208D-3851-9945-6048ADF9C2CB}
		{96C26594-81DD-31E1-81C3-C57D9EBB0687} = {96C26594-81DD-31E1-81C3-C57D9EBB0687}
		{07916B41-CDA1-38FA-8A39-1377C1D6A3CD} = {07916B41-CDA1-38FA-8A39-1377C1D6A3CD}
		{7B1C9EA2-A226-34B7-BE40-D91E0CA18AD2} = {7B1C9EA2-A226-34B7-BE40-D91E0CA18AD2}
		{8F04BB6D-2C5B-3099-8C2A-26FD7E852FAD} = {8F04BB6D-2C5B-3099-8C2A-26FD7E852FAD}
		{5C5EB48C-8D26-34DE-9FC2-A45CE7DF352F} = {5C5EB48C-8D26-34DE-9FC2-A45CE7DF352F}
		{C7BFD533-76D1-3FB5-96D1-36019EAD3D7E} = {C7BFD533-76D1-3FB5-96D1-36019EAD3D7E}
		{A530A04F-F133-3BBA-9A1D-9A4F57DCE139} = {A530A04F-F133-3BBA-9A1D-9A4F57DCE139}
		{C5457E25-0E80-3AEE-AEDD-004AB3334C01} = {C5457E25-0E80-3AEE-AEDD-004AB3334C01}
		{DD043B25-A3A0-39F1-A5BA-AF971585ADAF} = {DD043B25-A3A0-39F1-A5BA-AF971585ADAF}
		{A74BD2C8-B42E-3AA3-A4FF-4DC8B4C1814D} = {A74BD2C8-B42E-3AA3-A4FF-4DC8B4C1814D}
		{FF03F540-4285-3758-B856-B2630892C2D1} = {FF03F540-4285-3758-B856-B2630892C2D1}
		{7F9E55E0-E328-3822-894F-CC60E856D1B9} = {7F9E55E0-E328-3822-894F-CC60E856D1B9}
		{E9C83AFE-2E48-314C-B674-2FC61643BD47} = {E9C83AFE-2E48-314C-B674-2FC61643BD47}
		{E2A3C013-A915-3EFF-9FFD-394911FAA828} = {E2A3C013-A915-3EFF-9FFD-394911FAA828}
		{77672FAB-6669-3602-9771-A005F3E65FAD} = {77672FAB-6669-3602-9771-A005F3E65FAD}
		{21CCCD1E-C26B-3C1A-A0CF-427E60A3472B} = {21CCCD1E-C26B-3C1A-A0CF-427E60A3472B}
		{BCD23FC1-C90A-3162-9342-BAC3691B3B57} = {BCD23FC1-C90A-3162-9342-BAC3691B3B57}
		{42566663-6A81-3A96-921E-DE89EC620E1C} = {42566663-6A81-3A96-921E-DE89EC620E1C}
		{0295498D-00FF-360C-9501-B727D46D2217} = {0295498D-00FF-360C-9501-B727D46D2217}
		{8E83DFE2-2853-3E69-914D-DB545CD95157} = {8E83DFE2-2853-3E69-914D-DB545CD95157}
		{2F12F44E-5436-32E0-A4AC-C26A053489B7} = {2F12F44E-5436-32E0-A4AC-C26A053489B7}
	EndProjectSection
EndProject
Project("{8BC9CEB8-8B4A-11D0-8D11-00A0C91BC942}") = "INSTALL", "INSTALL.vcxproj", "{9BA2CC12-72EF-34D9-B29D-F9B91B25437A}"
	ProjectSection(ProjectDependencies) = postProject
		{AFB8CE74-CA4C-3519-BCF6-A547D1017229} = {AFB8CE74-CA4C-3519-BCF6-A547D1017229}
		{638F879A-4186-31DB-8A8E-2FC4AC3D80BE} = {638F879A-4186-31DB-8A8E-2FC4AC3D80BE}
	EndProjectSection
EndProject
Project("{8BC9CEB8-8B4A-11D0-8D11-00A0C91BC942}") = "OGLCompiler", "glslang\OGLCompilersDLL\OGLCompiler.vcxproj", "{6A24F1E1-0907-3223-8543-A95FC1BDFABF}"
	ProjectSection(ProjectDependencies) = postProject
		{638F879A-4186-31DB-8A8E-2FC4AC3D80BE} = {638F879A-4186-31DB-8A8E-2FC4AC3D80BE}
	EndProjectSection
EndProject
Project("{8BC9CEB8-8B4A-11D0-8D11-00A0C91BC942}") = "OSDependent", "glslang\glslang\OSDependent\Windows\OSDependent.vcxproj", "{872C4012-48F4-3E8F-A836-80DD34A89D14}"
	ProjectSection(ProjectDependencies) = postProject
		{638F879A-4186-31DB-8A8E-2FC4AC3D80BE} = {638F879A-4186-31DB-8A8E-2FC4AC3D80BE}
	EndProjectSection
EndProject
Project("{8BC9CEB8-8B4A-11D0-8D11-00A0C91BC942}") = "SPIRV", "glslang\SPIRV\SPIRV.vcxproj", "{6BDFFAB9-9824-36D8-A4CB-3E39A2F5F3E7}"
	ProjectSection(ProjectDependencies) = postProject
		{6A24F1E1-0907-3223-8543-A95FC1BDFABF} = {6A24F1E1-0907-3223-8543-A95FC1BDFABF}
		{872C4012-48F4-3E8F-A836-80DD34A89D14} = {872C4012-48F4-3E8F-A836-80DD34A89D14}
		{638F879A-4186-31DB-8A8E-2FC4AC3D80BE} = {638F879A-4186-31DB-8A8E-2FC4AC3D80BE}
		{412E8691-3F89-346F-9581-3F7A13EC146E} = {412E8691-3F89-346F-9581-3F7A13EC146E}
	EndProjectSection
EndProject
Project("{8BC9CEB8-8B4A-11D0-8D11-00A0C91BC942}") = "ZERO_CHECK", "ZERO_CHECK.vcxproj", "{638F879A-4186-31DB-8A8E-2FC4AC3D80BE}"
	ProjectSection(ProjectDependencies) = postProject
	EndProjectSection
EndProject
Project("{8BC9CEB8-8B4A-11D0-8D11-00A0C91BC942}") = "benchncnn", "benchmark\benchncnn.vcxproj", "{B6B06A77-7CCC-3879-A2FA-E609994C2AEB}"
	ProjectSection(ProjectDependencies) = postProject
		{6A24F1E1-0907-3223-8543-A95FC1BDFABF} = {6A24F1E1-0907-3223-8543-A95FC1BDFABF}
		{872C4012-48F4-3E8F-A836-80DD34A89D14} = {872C4012-48F4-3E8F-A836-80DD34A89D14}
		{6BDFFAB9-9824-36D8-A4CB-3E39A2F5F3E7} = {6BDFFAB9-9824-36D8-A4CB-3E39A2F5F3E7}
		{638F879A-4186-31DB-8A8E-2FC4AC3D80BE} = {638F879A-4186-31DB-8A8E-2FC4AC3D80BE}
		{412E8691-3F89-346F-9581-3F7A13EC146E} = {412E8691-3F89-346F-9581-3F7A13EC146E}
		{07916B41-CDA1-38FA-8A39-1377C1D6A3CD} = {07916B41-CDA1-38FA-8A39-1377C1D6A3CD}
	EndProjectSection
EndProject
Project("{8BC9CEB8-8B4A-11D0-8D11-00A0C91BC942}") = "caffe2ncnn", "tools\caffe\caffe2ncnn.vcxproj", "{C7CAC867-1B61-3AA5-A5D3-0B6B2D5F4FB5}"
	ProjectSection(ProjectDependencies) = postProject
		{638F879A-4186-31DB-8A8E-2FC4AC3D80BE} = {638F879A-4186-31DB-8A8E-2FC4AC3D80BE}
	EndProjectSection
EndProject
Project("{8BC9CEB8-8B4A-11D0-8D11-00A0C91BC942}") = "darknet2ncnn", "tools\darknet\darknet2ncnn.vcxproj", "{D2598A81-495C-3BC1-9723-14CEB152F180}"
	ProjectSection(ProjectDependencies) = postProject
		{638F879A-4186-31DB-8A8E-2FC4AC3D80BE} = {638F879A-4186-31DB-8A8E-2FC4AC3D80BE}
	EndProjectSection
EndProject
Project("{8BC9CEB8-8B4A-11D0-8D11-00A0C91BC942}") = "fasterrcnn", "examples\fasterrcnn.vcxproj", "{DA09B441-06CC-32B6-BDAE-B23B635B5588}"
	ProjectSection(ProjectDependencies) = postProject
		{6A24F1E1-0907-3223-8543-A95FC1BDFABF} = {6A24F1E1-0907-3223-8543-A95FC1BDFABF}
		{872C4012-48F4-3E8F-A836-80DD34A89D14} = {872C4012-48F4-3E8F-A836-80DD34A89D14}
		{6BDFFAB9-9824-36D8-A4CB-3E39A2F5F3E7} = {6BDFFAB9-9824-36D8-A4CB-3E39A2F5F3E7}
		{638F879A-4186-31DB-8A8E-2FC4AC3D80BE} = {638F879A-4186-31DB-8A8E-2FC4AC3D80BE}
		{412E8691-3F89-346F-9581-3F7A13EC146E} = {412E8691-3F89-346F-9581-3F7A13EC146E}
		{07916B41-CDA1-38FA-8A39-1377C1D6A3CD} = {07916B41-CDA1-38FA-8A39-1377C1D6A3CD}
	EndProjectSection
EndProject
Project("{8BC9CEB8-8B4A-11D0-8D11-00A0C91BC942}") = "glslang", "glslang\glslang\glslang.vcxproj", "{412E8691-3F89-346F-9581-3F7A13EC146E}"
	ProjectSection(ProjectDependencies) = postProject
		{6A24F1E1-0907-3223-8543-A95FC1BDFABF} = {6A24F1E1-0907-3223-8543-A95FC1BDFABF}
		{872C4012-48F4-3E8F-A836-80DD34A89D14} = {872C4012-48F4-3E8F-A836-80DD34A89D14}
		{638F879A-4186-31DB-8A8E-2FC4AC3D80BE} = {638F879A-4186-31DB-8A8E-2FC4AC3D80BE}
	EndProjectSection
EndProject
Project("{8BC9CEB8-8B4A-11D0-8D11-00A0C91BC942}") = "mobilenetssd", "examples\mobilenetssd.vcxproj", "{59E0D756-B428-317F-851F-9E8B0F12CA9A}"
	ProjectSection(ProjectDependencies) = postProject
		{6A24F1E1-0907-3223-8543-A95FC1BDFABF} = {6A24F1E1-0907-3223-8543-A95FC1BDFABF}
		{872C4012-48F4-3E8F-A836-80DD34A89D14} = {872C4012-48F4-3E8F-A836-80DD34A89D14}
		{6BDFFAB9-9824-36D8-A4CB-3E39A2F5F3E7} = {6BDFFAB9-9824-36D8-A4CB-3E39A2F5F3E7}
		{638F879A-4186-31DB-8A8E-2FC4AC3D80BE} = {638F879A-4186-31DB-8A8E-2FC4AC3D80BE}
		{412E8691-3F89-346F-9581-3F7A13EC146E} = {412E8691-3F89-346F-9581-3F7A13EC146E}
		{07916B41-CDA1-38FA-8A39-1377C1D6A3CD} = {07916B41-CDA1-38FA-8A39-1377C1D6A3CD}
	EndProjectSection
EndProject
Project("{8BC9CEB8-8B4A-11D0-8D11-00A0C91BC942}") = "mobilenetv2ssdlite", "examples\mobilenetv2ssdlite.vcxproj", "{924BAD2B-3EC3-3DFB-A446-A3F1D5F732E9}"
	ProjectSection(ProjectDependencies) = postProject
		{6A24F1E1-0907-3223-8543-A95FC1BDFABF} = {6A24F1E1-0907-3223-8543-A95FC1BDFABF}
		{872C4012-48F4-3E8F-A836-80DD34A89D14} = {872C4012-48F4-3E8F-A836-80DD34A89D14}
		{6BDFFAB9-9824-36D8-A4CB-3E39A2F5F3E7} = {6BDFFAB9-9824-36D8-A4CB-3E39A2F5F3E7}
		{638F879A-4186-31DB-8A8E-2FC4AC3D80BE} = {638F879A-4186-31DB-8A8E-2FC4AC3D80BE}
		{412E8691-3F89-346F-9581-3F7A13EC146E} = {412E8691-3F89-346F-9581-3F7A13EC146E}
		{07916B41-CDA1-38FA-8A39-1377C1D6A3CD} = {07916B41-CDA1-38FA-8A39-1377C1D6A3CD}
	EndProjectSection
EndProject
Project("{8BC9CEB8-8B4A-11D0-8D11-00A0C91BC942}") = "mxnet2ncnn", "tools\mxnet\mxnet2ncnn.vcxproj", "{EB6AC398-208D-3851-9945-6048ADF9C2CB}"
	ProjectSection(ProjectDependencies) = postProject
		{638F879A-4186-31DB-8A8E-2FC4AC3D80BE} = {638F879A-4186-31DB-8A8E-2FC4AC3D80BE}
	EndProjectSection
EndProject
Project("{8BC9CEB8-8B4A-11D0-8D11-00A0C91BC942}") = "nanodet", "examples\nanodet.vcxproj", "{96C26594-81DD-31E1-81C3-C57D9EBB0687}"
	ProjectSection(ProjectDependencies) = postProject
		{6A24F1E1-0907-3223-8543-A95FC1BDFABF} = {6A24F1E1-0907-3223-8543-A95FC1BDFABF}
		{872C4012-48F4-3E8F-A836-80DD34A89D14} = {872C4012-48F4-3E8F-A836-80DD34A89D14}
		{6BDFFAB9-9824-36D8-A4CB-3E39A2F5F3E7} = {6BDFFAB9-9824-36D8-A4CB-3E39A2F5F3E7}
		{638F879A-4186-31DB-8A8E-2FC4AC3D80BE} = {638F879A-4186-31DB-8A8E-2FC4AC3D80BE}
		{412E8691-3F89-346F-9581-3F7A13EC146E} = {412E8691-3F89-346F-9581-3F7A13EC146E}
		{07916B41-CDA1-38FA-8A39-1377C1D6A3CD} = {07916B41-CDA1-38FA-8A39-1377C1D6A3CD}
	EndProjectSection
EndProject
Project("{8BC9CEB8-8B4A-11D0-8D11-00A0C91BC942}") = "ncnn", "src\ncnn.vcxproj", "{07916B41-CDA1-38FA-8A39-1377C1D6A3CD}"
	ProjectSection(ProjectDependencies) = postProject
		{6A24F1E1-0907-3223-8543-A95FC1BDFABF} = {6A24F1E1-0907-3223-8543-A95FC1BDFABF}
		{872C4012-48F4-3E8F-A836-80DD34A89D14} = {872C4012-48F4-3E8F-A836-80DD34A89D14}
		{6BDFFAB9-9824-36D8-A4CB-3E39A2F5F3E7} = {6BDFFAB9-9824-36D8-A4CB-3E39A2F5F3E7}
		{638F879A-4186-31DB-8A8E-2FC4AC3D80BE} = {638F879A-4186-31DB-8A8E-2FC4AC3D80BE}
		{412E8691-3F89-346F-9581-3F7A13EC146E} = {412E8691-3F89-346F-9581-3F7A13EC146E}
		{3668F1AA-08DD-300F-A377-B345345F1AA1} = {3668F1AA-08DD-300F-A377-B345345F1AA1}
	EndProjectSection
EndProject
Project("{8BC9CEB8-8B4A-11D0-8D11-00A0C91BC942}") = "ncnn-generate-spirv", "src\ncnn-generate-spirv.vcxproj", "{3668F1AA-08DD-300F-A377-B345345F1AA1}"
	ProjectSection(ProjectDependencies) = postProject
		{638F879A-4186-31DB-8A8E-2FC4AC3D80BE} = {638F879A-4186-31DB-8A8E-2FC4AC3D80BE}
	EndProjectSection
EndProject
Project("{8BC9CEB8-8B4A-11D0-8D11-00A0C91BC942}") = "ncnn2int8", "tools\quantize\ncnn2int8.vcxproj", "{7B1C9EA2-A226-34B7-BE40-D91E0CA18AD2}"
	ProjectSection(ProjectDependencies) = postProject
		{6A24F1E1-0907-3223-8543-A95FC1BDFABF} = {6A24F1E1-0907-3223-8543-A95FC1BDFABF}
		{872C4012-48F4-3E8F-A836-80DD34A89D14} = {872C4012-48F4-3E8F-A836-80DD34A89D14}
		{6BDFFAB9-9824-36D8-A4CB-3E39A2F5F3E7} = {6BDFFAB9-9824-36D8-A4CB-3E39A2F5F3E7}
		{638F879A-4186-31DB-8A8E-2FC4AC3D80BE} = {638F879A-4186-31DB-8A8E-2FC4AC3D80BE}
		{412E8691-3F89-346F-9581-3F7A13EC146E} = {412E8691-3F89-346F-9581-3F7A13EC146E}
		{07916B41-CDA1-38FA-8A39-1377C1D6A3CD} = {07916B41-CDA1-38FA-8A39-1377C1D6A3CD}
	EndProjectSection
EndProject
Project("{8BC9CEB8-8B4A-11D0-8D11-00A0C91BC942}") = "ncnn2mem", "tools\ncnn2mem.vcxproj", "{8F04BB6D-2C5B-3099-8C2A-26FD7E852FAD}"
	ProjectSection(ProjectDependencies) = postProject
		{6A24F1E1-0907-3223-8543-A95FC1BDFABF} = {6A24F1E1-0907-3223-8543-A95FC1BDFABF}
		{872C4012-48F4-3E8F-A836-80DD34A89D14} = {872C4012-48F4-3E8F-A836-80DD34A89D14}
		{6BDFFAB9-9824-36D8-A4CB-3E39A2F5F3E7} = {6BDFFAB9-9824-36D8-A4CB-3E39A2F5F3E7}
		{638F879A-4186-31DB-8A8E-2FC4AC3D80BE} = {638F879A-4186-31DB-8A8E-2FC4AC3D80BE}
		{412E8691-3F89-346F-9581-3F7A13EC146E} = {412E8691-3F89-346F-9581-3F7A13EC146E}
		{07916B41-CDA1-38FA-8A39-1377C1D6A3CD} = {07916B41-CDA1-38FA-8A39-1377C1D6A3CD}
	EndProjectSection
EndProject
Project("{8BC9CEB8-8B4A-11D0-8D11-00A0C91BC942}") = "ncnn2table", "tools\quantize\ncnn2table.vcxproj", "{5C5EB48C-8D26-34DE-9FC2-A45CE7DF352F}"
	ProjectSection(ProjectDependencies) = postProject
		{6A24F1E1-0907-3223-8543-A95FC1BDFABF} = {6A24F1E1-0907-3223-8543-A95FC1BDFABF}
		{872C4012-48F4-3E8F-A836-80DD34A89D14} = {872C4012-48F4-3E8F-A836-80DD34A89D14}
		{6BDFFAB9-9824-36D8-A4CB-3E39A2F5F3E7} = {6BDFFAB9-9824-36D8-A4CB-3E39A2F5F3E7}
		{638F879A-4186-31DB-8A8E-2FC4AC3D80BE} = {638F879A-4186-31DB-8A8E-2FC4AC3D80BE}
		{412E8691-3F89-346F-9581-3F7A13EC146E} = {412E8691-3F89-346F-9581-3F7A13EC146E}
		{07916B41-CDA1-38FA-8A39-1377C1D6A3CD} = {07916B41-CDA1-38FA-8A39-1377C1D6A3CD}
	EndProjectSection
EndProject
Project("{8BC9CEB8-8B4A-11D0-8D11-00A0C91BC942}") = "ncnnmerge", "tools\ncnnmerge.vcxproj", "{C7BFD533-76D1-3FB5-96D1-36019EAD3D7E}"
	ProjectSection(ProjectDependencies) = postProject
		{638F879A-4186-31DB-8A8E-2FC4AC3D80BE} = {638F879A-4186-31DB-8A8E-2FC4AC3D80BE}
	EndProjectSection
EndProject
Project("{8BC9CEB8-8B4A-11D0-8D11-00A0C91BC942}") = "ncnnoptimize", "tools\ncnnoptimize.vcxproj", "{A530A04F-F133-3BBA-9A1D-9A4F57DCE139}"
	ProjectSection(ProjectDependencies) = postProject
		{6A24F1E1-0907-3223-8543-A95FC1BDFABF} = {6A24F1E1-0907-3223-8543-A95FC1BDFABF}
		{872C4012-48F4-3E8F-A836-80DD34A89D14} = {872C4012-48F4-3E8F-A836-80DD34A89D14}
		{6BDFFAB9-9824-36D8-A4CB-3E39A2F5F3E7} = {6BDFFAB9-9824-36D8-A4CB-3E39A2F5F3E7}
		{638F879A-4186-31DB-8A8E-2FC4AC3D80BE} = {638F879A-4186-31DB-8A8E-2FC4AC3D80BE}
		{412E8691-3F89-346F-9581-3F7A13EC146E} = {412E8691-3F89-346F-9581-3F7A13EC146E}
		{07916B41-CDA1-38FA-8A39-1377C1D6A3CD} = {07916B41-CDA1-38FA-8A39-1377C1D6A3CD}
	EndProjectSection
EndProject
Project("{8BC9CEB8-8B4A-11D0-8D11-00A0C91BC942}") = "onnx2ncnn", "tools\onnx\onnx2ncnn.vcxproj", "{C5457E25-0E80-3AEE-AEDD-004AB3334C01}"
	ProjectSection(ProjectDependencies) = postProject
		{638F879A-4186-31DB-8A8E-2FC4AC3D80BE} = {638F879A-4186-31DB-8A8E-2FC4AC3D80BE}
	EndProjectSection
EndProject
Project("{8BC9CEB8-8B4A-11D0-8D11-00A0C91BC942}") = "peleenetssd_seg", "examples\peleenetssd_seg.vcxproj", "{DD043B25-A3A0-39F1-A5BA-AF971585ADAF}"
	ProjectSection(ProjectDependencies) = postProject
		{6A24F1E1-0907-3223-8543-A95FC1BDFABF} = {6A24F1E1-0907-3223-8543-A95FC1BDFABF}
		{872C4012-48F4-3E8F-A836-80DD34A89D14} = {872C4012-48F4-3E8F-A836-80DD34A89D14}
		{6BDFFAB9-9824-36D8-A4CB-3E39A2F5F3E7} = {6BDFFAB9-9824-36D8-A4CB-3E39A2F5F3E7}
		{638F879A-4186-31DB-8A8E-2FC4AC3D80BE} = {638F879A-4186-31DB-8A8E-2FC4AC3D80BE}
		{412E8691-3F89-346F-9581-3F7A13EC146E} = {412E8691-3F89-346F-9581-3F7A13EC146E}
		{07916B41-CDA1-38FA-8A39-1377C1D6A3CD} = {07916B41-CDA1-38FA-8A39-1377C1D6A3CD}
	EndProjectSection
EndProject
Project("{8BC9CEB8-8B4A-11D0-8D11-00A0C91BC942}") = "retinaface", "examples\retinaface.vcxproj", "{A74BD2C8-B42E-3AA3-A4FF-4DC8B4C1814D}"
	ProjectSection(ProjectDependencies) = postProject
		{6A24F1E1-0907-3223-8543-A95FC1BDFABF} = {6A24F1E1-0907-3223-8543-A95FC1BDFABF}
		{872C4012-48F4-3E8F-A836-80DD34A89D14} = {872C4012-48F4-3E8F-A836-80DD34A89D14}
		{6BDFFAB9-9824-36D8-A4CB-3E39A2F5F3E7} = {6BDFFAB9-9824-36D8-A4CB-3E39A2F5F3E7}
		{638F879A-4186-31DB-8A8E-2FC4AC3D80BE} = {638F879A-4186-31DB-8A8E-2FC4AC3D80BE}
		{412E8691-3F89-346F-9581-3F7A13EC146E} = {412E8691-3F89-346F-9581-3F7A13EC146E}
		{07916B41-CDA1-38FA-8A39-1377C1D6A3CD} = {07916B41-CDA1-38FA-8A39-1377C1D6A3CD}
	EndProjectSection
EndProject
Project("{8BC9CEB8-8B4A-11D0-8D11-00A0C91BC942}") = "rfcn", "examples\rfcn.vcxproj", "{FF03F540-4285-3758-B856-B2630892C2D1}"
	ProjectSection(ProjectDependencies) = postProject
		{6A24F1E1-0907-3223-8543-A95FC1BDFABF} = {6A24F1E1-0907-3223-8543-A95FC1BDFABF}
		{872C4012-48F4-3E8F-A836-80DD34A89D14} = {872C4012-48F4-3E8F-A836-80DD34A89D14}
		{6BDFFAB9-9824-36D8-A4CB-3E39A2F5F3E7} = {6BDFFAB9-9824-36D8-A4CB-3E39A2F5F3E7}
		{638F879A-4186-31DB-8A8E-2FC4AC3D80BE} = {638F879A-4186-31DB-8A8E-2FC4AC3D80BE}
		{412E8691-3F89-346F-9581-3F7A13EC146E} = {412E8691-3F89-346F-9581-3F7A13EC146E}
		{07916B41-CDA1-38FA-8A39-1377C1D6A3CD} = {07916B41-CDA1-38FA-8A39-1377C1D6A3CD}
	EndProjectSection
EndProject
Project("{8BC9CEB8-8B4A-11D0-8D11-00A0C91BC942}") = "shufflenetv2", "examples\shufflenetv2.vcxproj", "{7F9E55E0-E328-3822-894F-CC60E856D1B9}"
	ProjectSection(ProjectDependencies) = postProject
		{6A24F1E1-0907-3223-8543-A95FC1BDFABF} = {6A24F1E1-0907-3223-8543-A95FC1BDFABF}
		{872C4012-48F4-3E8F-A836-80DD34A89D14} = {872C4012-48F4-3E8F-A836-80DD34A89D14}
		{6BDFFAB9-9824-36D8-A4CB-3E39A2F5F3E7} = {6BDFFAB9-9824-36D8-A4CB-3E39A2F5F3E7}
		{638F879A-4186-31DB-8A8E-2FC4AC3D80BE} = {638F879A-4186-31DB-8A8E-2FC4AC3D80BE}
		{412E8691-3F89-346F-9581-3F7A13EC146E} = {412E8691-3F89-346F-9581-3F7A13EC146E}
		{07916B41-CDA1-38FA-8A39-1377C1D6A3CD} = {07916B41-CDA1-38FA-8A39-1377C1D6A3CD}
	EndProjectSection
EndProject
Project("{8BC9CEB8-8B4A-11D0-8D11-00A0C91BC942}") = "simplepose", "examples\simplepose.vcxproj", "{E9C83AFE-2E48-314C-B674-2FC61643BD47}"
	ProjectSection(ProjectDependencies) = postProject
		{6A24F1E1-0907-3223-8543-A95FC1BDFABF} = {6A24F1E1-0907-3223-8543-A95FC1BDFABF}
		{872C4012-48F4-3E8F-A836-80DD34A89D14} = {872C4012-48F4-3E8F-A836-80DD34A89D14}
		{6BDFFAB9-9824-36D8-A4CB-3E39A2F5F3E7} = {6BDFFAB9-9824-36D8-A4CB-3E39A2F5F3E7}
		{638F879A-4186-31DB-8A8E-2FC4AC3D80BE} = {638F879A-4186-31DB-8A8E-2FC4AC3D80BE}
		{412E8691-3F89-346F-9581-3F7A13EC146E} = {412E8691-3F89-346F-9581-3F7A13EC146E}
		{07916B41-CDA1-38FA-8A39-1377C1D6A3CD} = {07916B41-CDA1-38FA-8A39-1377C1D6A3CD}
	EndProjectSection
EndProject
Project("{8BC9CEB8-8B4A-11D0-8D11-00A0C91BC942}") = "squeezenet", "examples\squeezenet.vcxproj", "{E2A3C013-A915-3EFF-9FFD-394911FAA828}"
	ProjectSection(ProjectDependencies) = postProject
		{6A24F1E1-0907-3223-8543-A95FC1BDFABF} = {6A24F1E1-0907-3223-8543-A95FC1BDFABF}
		{872C4012-48F4-3E8F-A836-80DD34A89D14} = {872C4012-48F4-3E8F-A836-80DD34A89D14}
		{6BDFFAB9-9824-36D8-A4CB-3E39A2F5F3E7} = {6BDFFAB9-9824-36D8-A4CB-3E39A2F5F3E7}
		{638F879A-4186-31DB-8A8E-2FC4AC3D80BE} = {638F879A-4186-31DB-8A8E-2FC4AC3D80BE}
		{412E8691-3F89-346F-9581-3F7A13EC146E} = {412E8691-3F89-346F-9581-3F7A13EC146E}
		{07916B41-CDA1-38FA-8A39-1377C1D6A3CD} = {07916B41-CDA1-38FA-8A39-1377C1D6A3CD}
	EndProjectSection
EndProject
Project("{8BC9CEB8-8B4A-11D0-8D11-00A0C91BC942}") = "squeezenet_c_api", "examples\squeezenet_c_api.vcxproj", "{77672FAB-6669-3602-9771-A005F3E65FAD}"
	ProjectSection(ProjectDependencies) = postProject
		{6A24F1E1-0907-3223-8543-A95FC1BDFABF} = {6A24F1E1-0907-3223-8543-A95FC1BDFABF}
		{872C4012-48F4-3E8F-A836-80DD34A89D14} = {872C4012-48F4-3E8F-A836-80DD34A89D14}
		{6BDFFAB9-9824-36D8-A4CB-3E39A2F5F3E7} = {6BDFFAB9-9824-36D8-A4CB-3E39A2F5F3E7}
		{638F879A-4186-31DB-8A8E-2FC4AC3D80BE} = {638F879A-4186-31DB-8A8E-2FC4AC3D80BE}
		{412E8691-3F89-346F-9581-3F7A13EC146E} = {412E8691-3F89-346F-9581-3F7A13EC146E}
		{07916B41-CDA1-38FA-8A39-1377C1D6A3CD} = {07916B41-CDA1-38FA-8A39-1377C1D6A3CD}
	EndProjectSection
EndProject
Project("{8BC9CEB8-8B4A-11D0-8D11-00A0C91BC942}") = "squeezenetssd", "examples\squeezenetssd.vcxproj", "{21CCCD1E-C26B-3C1A-A0CF-427E60A3472B}"
	ProjectSection(ProjectDependencies) = postProject
		{6A24F1E1-0907-3223-8543-A95FC1BDFABF} = {6A24F1E1-0907-3223-8543-A95FC1BDFABF}
		{872C4012-48F4-3E8F-A836-80DD34A89D14} = {872C4012-48F4-3E8F-A836-80DD34A89D14}
		{6BDFFAB9-9824-36D8-A4CB-3E39A2F5F3E7} = {6BDFFAB9-9824-36D8-A4CB-3E39A2F5F3E7}
		{638F879A-4186-31DB-8A8E-2FC4AC3D80BE} = {638F879A-4186-31DB-8A8E-2FC4AC3D80BE}
		{412E8691-3F89-346F-9581-3F7A13EC146E} = {412E8691-3F89-346F-9581-3F7A13EC146E}
		{07916B41-CDA1-38FA-8A39-1377C1D6A3CD} = {07916B41-CDA1-38FA-8A39-1377C1D6A3CD}
	EndProjectSection
EndProject
Project("{8BC9CEB8-8B4A-11D0-8D11-00A0C91BC942}") = "yolact", "examples\yolact.vcxproj", "{BCD23FC1-C90A-3162-9342-BAC3691B3B57}"
	ProjectSection(ProjectDependencies) = postProject
		{6A24F1E1-0907-3223-8543-A95FC1BDFABF} = {6A24F1E1-0907-3223-8543-A95FC1BDFABF}
		{872C4012-48F4-3E8F-A836-80DD34A89D14} = {872C4012-48F4-3E8F-A836-80DD34A89D14}
		{6BDFFAB9-9824-36D8-A4CB-3E39A2F5F3E7} = {6BDFFAB9-9824-36D8-A4CB-3E39A2F5F3E7}
		{638F879A-4186-31DB-8A8E-2FC4AC3D80BE} = {638F879A-4186-31DB-8A8E-2FC4AC3D80BE}
		{412E8691-3F89-346F-9581-3F7A13EC146E} = {412E8691-3F89-346F-9581-3F7A13EC146E}
		{07916B41-CDA1-38FA-8A39-1377C1D6A3CD} = {07916B41-CDA1-38FA-8A39-1377C1D6A3CD}
	EndProjectSection
EndProject
Project("{8BC9CEB8-8B4A-11D0-8D11-00A0C91BC942}") = "yolov2", "examples\yolov2.vcxproj", "{42566663-6A81-3A96-921E-DE89EC620E1C}"
	ProjectSection(ProjectDependencies) = postProject
		{6A24F1E1-0907-3223-8543-A95FC1BDFABF} = {6A24F1E1-0907-3223-8543-A95FC1BDFABF}
		{872C4012-48F4-3E8F-A836-80DD34A89D14} = {872C4012-48F4-3E8F-A836-80DD34A89D14}
		{6BDFFAB9-9824-36D8-A4CB-3E39A2F5F3E7} = {6BDFFAB9-9824-36D8-A4CB-3E39A2F5F3E7}
		{638F879A-4186-31DB-8A8E-2FC4AC3D80BE} = {638F879A-4186-31DB-8A8E-2FC4AC3D80BE}
		{412E8691-3F89-346F-9581-3F7A13EC146E} = {412E8691-3F89-346F-9581-3F7A13EC146E}
		{07916B41-CDA1-38FA-8A39-1377C1D6A3CD} = {07916B41-CDA1-38FA-8A39-1377C1D6A3CD}
	EndProjectSection
EndProject
Project("{8BC9CEB8-8B4A-11D0-8D11-00A0C91BC942}") = "yolov3", "examples\yolov3.vcxproj", "{0295498D-00FF-360C-9501-B727D46D2217}"
	ProjectSection(ProjectDependencies) = postProject
		{6A24F1E1-0907-3223-8543-A95FC1BDFABF} = {6A24F1E1-0907-3223-8543-A95FC1BDFABF}
		{872C4012-48F4-3E8F-A836-80DD34A89D14} = {872C4012-48F4-3E8F-A836-80DD34A89D14}
		{6BDFFAB9-9824-36D8-A4CB-3E39A2F5F3E7} = {6BDFFAB9-9824-36D8-A4CB-3E39A2F5F3E7}
		{638F879A-4186-31DB-8A8E-2FC4AC3D80BE} = {638F879A-4186-31DB-8A8E-2FC4AC3D80BE}
		{412E8691-3F89-346F-9581-3F7A13EC146E} = {412E8691-3F89-346F-9581-3F7A13EC146E}
		{07916B41-CDA1-38FA-8A39-1377C1D6A3CD} = {07916B41-CDA1-38FA-8A39-1377C1D6A3CD}
	EndProjectSection
EndProject
Project("{8BC9CEB8-8B4A-11D0-8D11-00A0C91BC942}") = "yolov4", "examples\yolov4.vcxproj", "{8E83DFE2-2853-3E69-914D-DB545CD95157}"
	ProjectSection(ProjectDependencies) = postProject
		{6A24F1E1-0907-3223-8543-A95FC1BDFABF} = {6A24F1E1-0907-3223-8543-A95FC1BDFABF}
		{872C4012-48F4-3E8F-A836-80DD34A89D14} = {872C4012-48F4-3E8F-A836-80DD34A89D14}
		{6BDFFAB9-9824-36D8-A4CB-3E39A2F5F3E7} = {6BDFFAB9-9824-36D8-A4CB-3E39A2F5F3E7}
		{638F879A-4186-31DB-8A8E-2FC4AC3D80BE} = {638F879A-4186-31DB-8A8E-2FC4AC3D80BE}
		{412E8691-3F89-346F-9581-3F7A13EC146E} = {412E8691-3F89-346F-9581-3F7A13EC146E}
		{07916B41-CDA1-38FA-8A39-1377C1D6A3CD} = {07916B41-CDA1-38FA-8A39-1377C1D6A3CD}
	EndProjectSection
EndProject
Project("{8BC9CEB8-8B4A-11D0-8D11-00A0C91BC942}") = "yolov5", "examples\yolov5.vcxproj", "{2F12F44E-5436-32E0-A4AC-C26A053489B7}"
	ProjectSection(ProjectDependencies) = postProject
		{6A24F1E1-0907-3223-8543-A95FC1BDFABF} = {6A24F1E1-0907-3223-8543-A95FC1BDFABF}
		{872C4012-48F4-3E8F-A836-80DD34A89D14} = {872C4012-48F4-3E8F-A836-80DD34A89D14}
		{6BDFFAB9-9824-36D8-A4CB-3E39A2F5F3E7} = {6BDFFAB9-9824-36D8-A4CB-3E39A2F5F3E7}
		{638F879A-4186-31DB-8A8E-2FC4AC3D80BE} = {638F879A-4186-31DB-8A8E-2FC4AC3D80BE}
		{412E8691-3F89-346F-9581-3F7A13EC146E} = {412E8691-3F89-346F-9581-3F7A13EC146E}
		{07916B41-CDA1-38FA-8A39-1377C1D6A3CD} = {07916B41-CDA1-38FA-8A39-1377C1D6A3CD}
	EndProjectSection
EndProject
Global
	GlobalSection(SolutionConfigurationPlatforms) = preSolution
		Debug|x64 = Debug|x64
		Release|x64 = Release|x64
		MinSizeRel|x64 = MinSizeRel|x64
		RelWithDebInfo|x64 = RelWithDebInfo|x64
	EndGlobalSection
	GlobalSection(ProjectConfigurationPlatforms) = postSolution
		{AFB8CE74-CA4C-3519-BCF6-A547D1017229}.Debug|x64.ActiveCfg = Debug|x64
		{AFB8CE74-CA4C-3519-BCF6-A547D1017229}.Debug|x64.Build.0 = Debug|x64
		{AFB8CE74-CA4C-3519-BCF6-A547D1017229}.Release|x64.ActiveCfg = Release|x64
		{AFB8CE74-CA4C-3519-BCF6-A547D1017229}.Release|x64.Build.0 = Release|x64
		{AFB8CE74-CA4C-3519-BCF6-A547D1017229}.MinSizeRel|x64.ActiveCfg = MinSizeRel|x64
		{AFB8CE74-CA4C-3519-BCF6-A547D1017229}.MinSizeRel|x64.Build.0 = MinSizeRel|x64
		{AFB8CE74-CA4C-3519-BCF6-A547D1017229}.RelWithDebInfo|x64.ActiveCfg = RelWithDebInfo|x64
		{AFB8CE74-CA4C-3519-BCF6-A547D1017229}.RelWithDebInfo|x64.Build.0 = RelWithDebInfo|x64
		{9BA2CC12-72EF-34D9-B29D-F9B91B25437A}.Debug|x64.ActiveCfg = Debug|x64
		{9BA2CC12-72EF-34D9-B29D-F9B91B25437A}.Release|x64.ActiveCfg = Release|x64
		{9BA2CC12-72EF-34D9-B29D-F9B91B25437A}.MinSizeRel|x64.ActiveCfg = MinSizeRel|x64
		{9BA2CC12-72EF-34D9-B29D-F9B91B25437A}.RelWithDebInfo|x64.ActiveCfg = RelWithDebInfo|x64
		{6A24F1E1-0907-3223-8543-A95FC1BDFABF}.Debug|x64.ActiveCfg = Debug|x64
		{6A24F1E1-0907-3223-8543-A95FC1BDFABF}.Debug|x64.Build.0 = Debug|x64
		{6A24F1E1-0907-3223-8543-A95FC1BDFABF}.Release|x64.ActiveCfg = Release|x64
		{6A24F1E1-0907-3223-8543-A95FC1BDFABF}.Release|x64.Build.0 = Release|x64
		{6A24F1E1-0907-3223-8543-A95FC1BDFABF}.MinSizeRel|x64.ActiveCfg = MinSizeRel|x64
		{6A24F1E1-0907-3223-8543-A95FC1BDFABF}.MinSizeRel|x64.Build.0 = MinSizeRel|x64
		{6A24F1E1-0907-3223-8543-A95FC1BDFABF}.RelWithDebInfo|x64.ActiveCfg = RelWithDebInfo|x64
		{6A24F1E1-0907-3223-8543-A95FC1BDFABF}.RelWithDebInfo|x64.Build.0 = RelWithDebInfo|x64
		{872C4012-48F4-3E8F-A836-80DD34A89D14}.Debug|x64.ActiveCfg = Debug|x64
		{872C4012-48F4-3E8F-A836-80DD34A89D14}.Debug|x64.Build.0 = Debug|x64
		{872C4012-48F4-3E8F-A836-80DD34A89D14}.Release|x64.ActiveCfg = Release|x64
		{872C4012-48F4-3E8F-A836-80DD34A89D14}.Release|x64.Build.0 = Release|x64
		{872C4012-48F4-3E8F-A836-80DD34A89D14}.MinSizeRel|x64.ActiveCfg = MinSizeRel|x64
		{872C4012-48F4-3E8F-A836-80DD34A89D14}.MinSizeRel|x64.Build.0 = MinSizeRel|x64
		{872C4012-48F4-3E8F-A836-80DD34A89D14}.RelWithDebInfo|x64.ActiveCfg = RelWithDebInfo|x64
		{872C4012-48F4-3E8F-A836-80DD34A89D14}.RelWithDebInfo|x64.Build.0 = RelWithDebInfo|x64
		{6BDFFAB9-9824-36D8-A4CB-3E39A2F5F3E7}.Debug|x64.ActiveCfg = Debug|x64
		{6BDFFAB9-9824-36D8-A4CB-3E39A2F5F3E7}.Debug|x64.Build.0 = Debug|x64
		{6BDFFAB9-9824-36D8-A4CB-3E39A2F5F3E7}.Release|x64.ActiveCfg = Release|x64
		{6BDFFAB9-9824-36D8-A4CB-3E39A2F5F3E7}.Release|x64.Build.0 = Release|x64
		{6BDFFAB9-9824-36D8-A4CB-3E39A2F5F3E7}.MinSizeRel|x64.ActiveCfg = MinSizeRel|x64
		{6BDFFAB9-9824-36D8-A4CB-3E39A2F5F3E7}.MinSizeRel|x64.Build.0 = MinSizeRel|x64
		{6BDFFAB9-9824-36D8-A4CB-3E39A2F5F3E7}.RelWithDebInfo|x64.ActiveCfg = RelWithDebInfo|x64
		{6BDFFAB9-9824-36D8-A4CB-3E39A2F5F3E7}.RelWithDebInfo|x64.Build.0 = RelWithDebInfo|x64
		{638F879A-4186-31DB-8A8E-2FC4AC3D80BE}.Debug|x64.ActiveCfg = Debug|x64
		{638F879A-4186-31DB-8A8E-2FC4AC3D80BE}.Debug|x64.Build.0 = Debug|x64
		{638F879A-4186-31DB-8A8E-2FC4AC3D80BE}.Release|x64.ActiveCfg = Release|x64
		{638F879A-4186-31DB-8A8E-2FC4AC3D80BE}.Release|x64.Build.0 = Release|x64
		{638F879A-4186-31DB-8A8E-2FC4AC3D80BE}.MinSizeRel|x64.ActiveCfg = MinSizeRel|x64
		{638F879A-4186-31DB-8A8E-2FC4AC3D80BE}.MinSizeRel|x64.Build.0 = MinSizeRel|x64
		{638F879A-4186-31DB-8A8E-2FC4AC3D80BE}.RelWithDebInfo|x64.ActiveCfg = RelWithDebInfo|x64
		{638F879A-4186-31DB-8A8E-2FC4AC3D80BE}.RelWithDebInfo|x64.Build.0 = RelWithDebInfo|x64
		{B6B06A77-7CCC-3879-A2FA-E609994C2AEB}.Debug|x64.ActiveCfg = Debug|x64
		{B6B06A77-7CCC-3879-A2FA-E609994C2AEB}.Debug|x64.Build.0 = Debug|x64
		{B6B06A77-7CCC-3879-A2FA-E609994C2AEB}.Release|x64.ActiveCfg = Release|x64
		{B6B06A77-7CCC-3879-A2FA-E609994C2AEB}.Release|x64.Build.0 = Release|x64
		{B6B06A77-7CCC-3879-A2FA-E609994C2AEB}.MinSizeRel|x64.ActiveCfg = MinSizeRel|x64
		{B6B06A77-7CCC-3879-A2FA-E609994C2AEB}.MinSizeRel|x64.Build.0 = MinSizeRel|x64
		{B6B06A77-7CCC-3879-A2FA-E609994C2AEB}.RelWithDebInfo|x64.ActiveCfg = RelWithDebInfo|x64
		{B6B06A77-7CCC-3879-A2FA-E609994C2AEB}.RelWithDebInfo|x64.Build.0 = RelWithDebInfo|x64
		{C7CAC867-1B61-3AA5-A5D3-0B6B2D5F4FB5}.Debug|x64.ActiveCfg = Debug|x64
		{C7CAC867-1B61-3AA5-A5D3-0B6B2D5F4FB5}.Debug|x64.Build.0 = Debug|x64
		{C7CAC867-1B61-3AA5-A5D3-0B6B2D5F4FB5}.Release|x64.ActiveCfg = Release|x64
		{C7CAC867-1B61-3AA5-A5D3-0B6B2D5F4FB5}.Release|x64.Build.0 = Release|x64
		{C7CAC867-1B61-3AA5-A5D3-0B6B2D5F4FB5}.MinSizeRel|x64.ActiveCfg = MinSizeRel|x64
		{C7CAC867-1B61-3AA5-A5D3-0B6B2D5F4FB5}.MinSizeRel|x64.Build.0 = MinSizeRel|x64
		{C7CAC867-1B61-3AA5-A5D3-0B6B2D5F4FB5}.RelWithDebInfo|x64.ActiveCfg = RelWithDebInfo|x64
		{C7CAC867-1B61-3AA5-A5D3-0B6B2D5F4FB5}.RelWithDebInfo|x64.Build.0 = RelWithDebInfo|x64
		{D2598A81-495C-3BC1-9723-14CEB152F180}.Debug|x64.ActiveCfg = Debug|x64
		{D2598A81-495C-3BC1-9723-14CEB152F180}.Debug|x64.Build.0 = Debug|x64
		{D2598A81-495C-3BC1-9723-14CEB152F180}.Release|x64.ActiveCfg = Release|x64
		{D2598A81-495C-3BC1-9723-14CEB152F180}.Release|x64.Build.0 = Release|x64
		{D2598A81-495C-3BC1-9723-14CEB152F180}.MinSizeRel|x64.ActiveCfg = MinSizeRel|x64
		{D2598A81-495C-3BC1-9723-14CEB152F180}.MinSizeRel|x64.Build.0 = MinSizeRel|x64
		{D2598A81-495C-3BC1-9723-14CEB152F180}.RelWithDebInfo|x64.ActiveCfg = RelWithDebInfo|x64
		{D2598A81-495C-3BC1-9723-14CEB152F180}.RelWithDebInfo|x64.Build.0 = RelWithDebInfo|x64
		{DA09B441-06CC-32B6-BDAE-B23B635B5588}.Debug|x64.ActiveCfg = Debug|x64
		{DA09B441-06CC-32B6-BDAE-B23B635B5588}.Debug|x64.Build.0 = Debug|x64
		{DA09B441-06CC-32B6-BDAE-B23B635B5588}.Release|x64.ActiveCfg = Release|x64
		{DA09B441-06CC-32B6-BDAE-B23B635B5588}.Release|x64.Build.0 = Release|x64
		{DA09B441-06CC-32B6-BDAE-B23B635B5588}.MinSizeRel|x64.ActiveCfg = MinSizeRel|x64
		{DA09B441-06CC-32B6-BDAE-B23B635B5588}.MinSizeRel|x64.Build.0 = MinSizeRel|x64
		{DA09B441-06CC-32B6-BDAE-B23B635B5588}.RelWithDebInfo|x64.ActiveCfg = RelWithDebInfo|x64
		{DA09B441-06CC-32B6-BDAE-B23B635B5588}.RelWithDebInfo|x64.Build.0 = RelWithDebInfo|x64
		{412E8691-3F89-346F-9581-3F7A13EC146E}.Debug|x64.ActiveCfg = Debug|x64
		{412E8691-3F89-346F-9581-3F7A13EC146E}.Debug|x64.Build.0 = Debug|x64
		{412E8691-3F89-346F-9581-3F7A13EC146E}.Release|x64.ActiveCfg = Release|x64
		{412E8691-3F89-346F-9581-3F7A13EC146E}.Release|x64.Build.0 = Release|x64
		{412E8691-3F89-346F-9581-3F7A13EC146E}.MinSizeRel|x64.ActiveCfg = MinSizeRel|x64
		{412E8691-3F89-346F-9581-3F7A13EC146E}.MinSizeRel|x64.Build.0 = MinSizeRel|x64
		{412E8691-3F89-346F-9581-3F7A13EC146E}.RelWithDebInfo|x64.ActiveCfg = RelWithDebInfo|x64
		{412E8691-3F89-346F-9581-3F7A13EC146E}.RelWithDebInfo|x64.Build.0 = RelWithDebInfo|x64
		{59E0D756-B428-317F-851F-9E8B0F12CA9A}.Debug|x64.ActiveCfg = Debug|x64
		{59E0D756-B428-317F-851F-9E8B0F12CA9A}.Debug|x64.Build.0 = Debug|x64
		{59E0D756-B428-317F-851F-9E8B0F12CA9A}.Release|x64.ActiveCfg = Release|x64
		{59E0D756-B428-317F-851F-9E8B0F12CA9A}.Release|x64.Build.0 = Release|x64
		{59E0D756-B428-317F-851F-9E8B0F12CA9A}.MinSizeRel|x64.ActiveCfg = MinSizeRel|x64
		{59E0D756-B428-317F-851F-9E8B0F12CA9A}.MinSizeRel|x64.Build.0 = MinSizeRel|x64
		{59E0D756-B428-317F-851F-9E8B0F12CA9A}.RelWithDebInfo|x64.ActiveCfg = RelWithDebInfo|x64
		{59E0D756-B428-317F-851F-9E8B0F12CA9A}.RelWithDebInfo|x64.Build.0 = RelWithDebInfo|x64
		{924BAD2B-3EC3-3DFB-A446-A3F1D5F732E9}.Debug|x64.ActiveCfg = Debug|x64
		{924BAD2B-3EC3-3DFB-A446-A3F1D5F732E9}.Debug|x64.Build.0 = Debug|x64
		{924BAD2B-3EC3-3DFB-A446-A3F1D5F732E9}.Release|x64.ActiveCfg = Release|x64
		{924BAD2B-3EC3-3DFB-A446-A3F1D5F732E9}.Release|x64.Build.0 = Release|x64
		{924BAD2B-3EC3-3DFB-A446-A3F1D5F732E9}.MinSizeRel|x64.ActiveCfg = MinSizeRel|x64
		{924BAD2B-3EC3-3DFB-A446-A3F1D5F732E9}.MinSizeRel|x64.Build.0 = MinSizeRel|x64
		{924BAD2B-3EC3-3DFB-A446-A3F1D5F732E9}.RelWithDebInfo|x64.ActiveCfg = RelWithDebInfo|x64
		{924BAD2B-3EC3-3DFB-A446-A3F1D5F732E9}.RelWithDebInfo|x64.Build.0 = RelWithDebInfo|x64
		{EB6AC398-208D-3851-9945-6048ADF9C2CB}.Debug|x64.ActiveCfg = Debug|x64
		{EB6AC398-208D-3851-9945-6048ADF9C2CB}.Debug|x64.Build.0 = Debug|x64
		{EB6AC398-208D-3851-9945-6048ADF9C2CB}.Release|x64.ActiveCfg = Release|x64
		{EB6AC398-208D-3851-9945-6048ADF9C2CB}.Release|x64.Build.0 = Release|x64
		{EB6AC398-208D-3851-9945-6048ADF9C2CB}.MinSizeRel|x64.ActiveCfg = MinSizeRel|x64
		{EB6AC398-208D-3851-9945-6048ADF9C2CB}.MinSizeRel|x64.Build.0 = MinSizeRel|x64
		{EB6AC398-208D-3851-9945-6048ADF9C2CB}.RelWithDebInfo|x64.ActiveCfg = RelWithDebInfo|x64
		{EB6AC398-208D-3851-9945-6048ADF9C2CB}.RelWithDebInfo|x64.Build.0 = RelWithDebInfo|x64
		{96C26594-81DD-31E1-81C3-C57D9EBB0687}.Debug|x64.ActiveCfg = Debug|x64
		{96C26594-81DD-31E1-81C3-C57D9EBB0687}.Debug|x64.Build.0 = Debug|x64
		{96C26594-81DD-31E1-81C3-C57D9EBB0687}.Release|x64.ActiveCfg = Release|x64
		{96C26594-81DD-31E1-81C3-C57D9EBB0687}.Release|x64.Build.0 = Release|x64
		{96C26594-81DD-31E1-81C3-C57D9EBB0687}.MinSizeRel|x64.ActiveCfg = MinSizeRel|x64
		{96C26594-81DD-31E1-81C3-C57D9EBB0687}.MinSizeRel|x64.Build.0 = MinSizeRel|x64
		{96C26594-81DD-31E1-81C3-C57D9EBB0687}.RelWithDebInfo|x64.ActiveCfg = RelWithDebInfo|x64
		{96C26594-81DD-31E1-81C3-C57D9EBB0687}.RelWithDebInfo|x64.Build.0 = RelWithDebInfo|x64
		{07916B41-CDA1-38FA-8A39-1377C1D6A3CD}.Debug|x64.ActiveCfg = Debug|x64
		{07916B41-CDA1-38FA-8A39-1377C1D6A3CD}.Debug|x64.Build.0 = Debug|x64
		{07916B41-CDA1-38FA-8A39-1377C1D6A3CD}.Release|x64.ActiveCfg = Release|x64
		{07916B41-CDA1-38FA-8A39-1377C1D6A3CD}.Release|x64.Build.0 = Release|x64
		{07916B41-CDA1-38FA-8A39-1377C1D6A3CD}.MinSizeRel|x64.ActiveCfg = MinSizeRel|x64
		{07916B41-CDA1-38FA-8A39-1377C1D6A3CD}.MinSizeRel|x64.Build.0 = MinSizeRel|x64
		{07916B41-CDA1-38FA-8A39-1377C1D6A3CD}.RelWithDebInfo|x64.ActiveCfg = RelWithDebInfo|x64
		{07916B41-CDA1-38FA-8A39-1377C1D6A3CD}.RelWithDebInfo|x64.Build.0 = RelWithDebInfo|x64
		{3668F1AA-08DD-300F-A377-B345345F1AA1}.Debug|x64.ActiveCfg = Debug|x64
		{3668F1AA-08DD-300F-A377-B345345F1AA1}.Debug|x64.Build.0 = Debug|x64
		{3668F1AA-08DD-300F-A377-B345345F1AA1}.Release|x64.ActiveCfg = Release|x64
		{3668F1AA-08DD-300F-A377-B345345F1AA1}.Release|x64.Build.0 = Release|x64
		{3668F1AA-08DD-300F-A377-B345345F1AA1}.MinSizeRel|x64.ActiveCfg = MinSizeRel|x64
		{3668F1AA-08DD-300F-A377-B345345F1AA1}.MinSizeRel|x64.Build.0 = MinSizeRel|x64
		{3668F1AA-08DD-300F-A377-B345345F1AA1}.RelWithDebInfo|x64.ActiveCfg = RelWithDebInfo|x64
		{3668F1AA-08DD-300F-A377-B345345F1AA1}.RelWithDebInfo|x64.Build.0 = RelWithDebInfo|x64
		{7B1C9EA2-A226-34B7-BE40-D91E0CA18AD2}.Debug|x64.ActiveCfg = Debug|x64
		{7B1C9EA2-A226-34B7-BE40-D91E0CA18AD2}.Debug|x64.Build.0 = Debug|x64
		{7B1C9EA2-A226-34B7-BE40-D91E0CA18AD2}.Release|x64.ActiveCfg = Release|x64
		{7B1C9EA2-A226-34B7-BE40-D91E0CA18AD2}.Release|x64.Build.0 = Release|x64
		{7B1C9EA2-A226-34B7-BE40-D91E0CA18AD2}.MinSizeRel|x64.ActiveCfg = MinSizeRel|x64
		{7B1C9EA2-A226-34B7-BE40-D91E0CA18AD2}.MinSizeRel|x64.Build.0 = MinSizeRel|x64
		{7B1C9EA2-A226-34B7-BE40-D91E0CA18AD2}.RelWithDebInfo|x64.ActiveCfg = RelWithDebInfo|x64
		{7B1C9EA2-A226-34B7-BE40-D91E0CA18AD2}.RelWithDebInfo|x64.Build.0 = RelWithDebInfo|x64
		{8F04BB6D-2C5B-3099-8C2A-26FD7E852FAD}.Debug|x64.ActiveCfg = Debug|x64
		{8F04BB6D-2C5B-3099-8C2A-26FD7E852FAD}.Debug|x64.Build.0 = Debug|x64
		{8F04BB6D-2C5B-3099-8C2A-26FD7E852FAD}.Release|x64.ActiveCfg = Release|x64
		{8F04BB6D-2C5B-3099-8C2A-26FD7E852FAD}.Release|x64.Build.0 = Release|x64
		{8F04BB6D-2C5B-3099-8C2A-26FD7E852FAD}.MinSizeRel|x64.ActiveCfg = MinSizeRel|x64
		{8F04BB6D-2C5B-3099-8C2A-26FD7E852FAD}.MinSizeRel|x64.Build.0 = MinSizeRel|x64
		{8F04BB6D-2C5B-3099-8C2A-26FD7E852FAD}.RelWithDebInfo|x64.ActiveCfg = RelWithDebInfo|x64
		{8F04BB6D-2C5B-3099-8C2A-26FD7E852FAD}.RelWithDebInfo|x64.Build.0 = RelWithDebInfo|x64
		{5C5EB48C-8D26-34DE-9FC2-A45CE7DF352F}.Debug|x64.ActiveCfg = Debug|x64
		{5C5EB48C-8D26-34DE-9FC2-A45CE7DF352F}.Debug|x64.Build.0 = Debug|x64
		{5C5EB48C-8D26-34DE-9FC2-A45CE7DF352F}.Release|x64.ActiveCfg = Release|x64
		{5C5EB48C-8D26-34DE-9FC2-A45CE7DF352F}.Release|x64.Build.0 = Release|x64
		{5C5EB48C-8D26-34DE-9FC2-A45CE7DF352F}.MinSizeRel|x64.ActiveCfg = MinSizeRel|x64
		{5C5EB48C-8D26-34DE-9FC2-A45CE7DF352F}.MinSizeRel|x64.Build.0 = MinSizeRel|x64
		{5C5EB48C-8D26-34DE-9FC2-A45CE7DF352F}.RelWithDebInfo|x64.ActiveCfg = RelWithDebInfo|x64
		{5C5EB48C-8D26-34DE-9FC2-A45CE7DF352F}.RelWithDebInfo|x64.Build.0 = RelWithDebInfo|x64
		{C7BFD533-76D1-3FB5-96D1-36019EAD3D7E}.Debug|x64.ActiveCfg = Debug|x64
		{C7BFD533-76D1-3FB5-96D1-36019EAD3D7E}.Debug|x64.Build.0 = Debug|x64
		{C7BFD533-76D1-3FB5-96D1-36019EAD3D7E}.Release|x64.ActiveCfg = Release|x64
		{C7BFD533-76D1-3FB5-96D1-36019EAD3D7E}.Release|x64.Build.0 = Release|x64
		{C7BFD533-76D1-3FB5-96D1-36019EAD3D7E}.MinSizeRel|x64.ActiveCfg = MinSizeRel|x64
		{C7BFD533-76D1-3FB5-96D1-36019EAD3D7E}.MinSizeRel|x64.Build.0 = MinSizeRel|x64
		{C7BFD533-76D1-3FB5-96D1-36019EAD3D7E}.RelWithDebInfo|x64.ActiveCfg = RelWithDebInfo|x64
		{C7BFD533-76D1-3FB5-96D1-36019EAD3D7E}.RelWithDebInfo|x64.Build.0 = RelWithDebInfo|x64
		{A530A04F-F133-3BBA-9A1D-9A4F57DCE139}.Debug|x64.ActiveCfg = Debug|x64
		{A530A04F-F133-3BBA-9A1D-9A4F57DCE139}.Debug|x64.Build.0 = Debug|x64
		{A530A04F-F133-3BBA-9A1D-9A4F57DCE139}.Release|x64.ActiveCfg = Release|x64
		{A530A04F-F133-3BBA-9A1D-9A4F57DCE139}.Release|x64.Build.0 = Release|x64
		{A530A04F-F133-3BBA-9A1D-9A4F57DCE139}.MinSizeRel|x64.ActiveCfg = MinSizeRel|x64
		{A530A04F-F133-3BBA-9A1D-9A4F57DCE139}.MinSizeRel|x64.Build.0 = MinSizeRel|x64
		{A530A04F-F133-3BBA-9A1D-9A4F57DCE139}.RelWithDebInfo|x64.ActiveCfg = RelWithDebInfo|x64
		{A530A04F-F133-3BBA-9A1D-9A4F57DCE139}.RelWithDebInfo|x64.Build.0 = RelWithDebInfo|x64
		{C5457E25-0E80-3AEE-AEDD-004AB3334C01}.Debug|x64.ActiveCfg = Debug|x64
		{C5457E25-0E80-3AEE-AEDD-004AB3334C01}.Debug|x64.Build.0 = Debug|x64
		{C5457E25-0E80-3AEE-AEDD-004AB3334C01}.Release|x64.ActiveCfg = Release|x64
		{C5457E25-0E80-3AEE-AEDD-004AB3334C01}.Release|x64.Build.0 = Release|x64
		{C5457E25-0E80-3AEE-AEDD-004AB3334C01}.MinSizeRel|x64.ActiveCfg = MinSizeRel|x64
		{C5457E25-0E80-3AEE-AEDD-004AB3334C01}.MinSizeRel|x64.Build.0 = MinSizeRel|x64
		{C5457E25-0E80-3AEE-AEDD-004AB3334C01}.RelWithDebInfo|x64.ActiveCfg = RelWithDebInfo|x64
		{C5457E25-0E80-3AEE-AEDD-004AB3334C01}.RelWithDebInfo|x64.Build.0 = RelWithDebInfo|x64
		{DD043B25-A3A0-39F1-A5BA-AF971585ADAF}.Debug|x64.ActiveCfg = Debug|x64
		{DD043B25-A3A0-39F1-A5BA-AF971585ADAF}.Debug|x64.Build.0 = Debug|x64
		{DD043B25-A3A0-39F1-A5BA-AF971585ADAF}.Release|x64.ActiveCfg = Release|x64
		{DD043B25-A3A0-39F1-A5BA-AF971585ADAF}.Release|x64.Build.0 = Release|x64
		{DD043B25-A3A0-39F1-A5BA-AF971585ADAF}.MinSizeRel|x64.ActiveCfg = MinSizeRel|x64
		{DD043B25-A3A0-39F1-A5BA-AF971585ADAF}.MinSizeRel|x64.Build.0 = MinSizeRel|x64
		{DD043B25-A3A0-39F1-A5BA-AF971585ADAF}.RelWithDebInfo|x64.ActiveCfg = RelWithDebInfo|x64
		{DD043B25-A3A0-39F1-A5BA-AF971585ADAF}.RelWithDebInfo|x64.Build.0 = RelWithDebInfo|x64
		{A74BD2C8-B42E-3AA3-A4FF-4DC8B4C1814D}.Debug|x64.ActiveCfg = Debug|x64
		{A74BD2C8-B42E-3AA3-A4FF-4DC8B4C1814D}.Debug|x64.Build.0 = Debug|x64
		{A74BD2C8-B42E-3AA3-A4FF-4DC8B4C1814D}.Release|x64.ActiveCfg = Release|x64
		{A74BD2C8-B42E-3AA3-A4FF-4DC8B4C1814D}.Release|x64.Build.0 = Release|x64
		{A74BD2C8-B42E-3AA3-A4FF-4DC8B4C1814D}.MinSizeRel|x64.ActiveCfg = MinSizeRel|x64
		{A74BD2C8-B42E-3AA3-A4FF-4DC8B4C1814D}.MinSizeRel|x64.Build.0 = MinSizeRel|x64
		{A74BD2C8-B42E-3AA3-A4FF-4DC8B4C1814D}.RelWithDebInfo|x64.ActiveCfg = RelWithDebInfo|x64
		{A74BD2C8-B42E-3AA3-A4FF-4DC8B4C1814D}.RelWithDebInfo|x64.Build.0 = RelWithDebInfo|x64
		{FF03F540-4285-3758-B856-B2630892C2D1}.Debug|x64.ActiveCfg = Debug|x64
		{FF03F540-4285-3758-B856-B2630892C2D1}.Debug|x64.Build.0 = Debug|x64
		{FF03F540-4285-3758-B856-B2630892C2D1}.Release|x64.ActiveCfg = Release|x64
		{FF03F540-4285-3758-B856-B2630892C2D1}.Release|x64.Build.0 = Release|x64
		{FF03F540-4285-3758-B856-B2630892C2D1}.MinSizeRel|x64.ActiveCfg = MinSizeRel|x64
		{FF03F540-4285-3758-B856-B2630892C2D1}.MinSizeRel|x64.Build.0 = MinSizeRel|x64
		{FF03F540-4285-3758-B856-B2630892C2D1}.RelWithDebInfo|x64.ActiveCfg = RelWithDebInfo|x64
		{FF03F540-4285-3758-B856-B2630892C2D1}.RelWithDebInfo|x64.Build.0 = RelWithDebInfo|x64
		{7F9E55E0-E328-3822-894F-CC60E856D1B9}.Debug|x64.ActiveCfg = Debug|x64
		{7F9E55E0-E328-3822-894F-CC60E856D1B9}.Debug|x64.Build.0 = Debug|x64
		{7F9E55E0-E328-3822-894F-CC60E856D1B9}.Release|x64.ActiveCfg = Release|x64
		{7F9E55E0-E328-3822-894F-CC60E856D1B9}.Release|x64.Build.0 = Release|x64
		{7F9E55E0-E328-3822-894F-CC60E856D1B9}.MinSizeRel|x64.ActiveCfg = MinSizeRel|x64
		{7F9E55E0-E328-3822-894F-CC60E856D1B9}.MinSizeRel|x64.Build.0 = MinSizeRel|x64
		{7F9E55E0-E328-3822-894F-CC60E856D1B9}.RelWithDebInfo|x64.ActiveCfg = RelWithDebInfo|x64
		{7F9E55E0-E328-3822-894F-CC60E856D1B9}.RelWithDebInfo|x64.Build.0 = RelWithDebInfo|x64
		{E9C83AFE-2E48-314C-B674-2FC61643BD47}.Debug|x64.ActiveCfg = Debug|x64
		{E9C83AFE-2E48-314C-B674-2FC61643BD47}.Debug|x64.Build.0 = Debug|x64
		{E9C83AFE-2E48-314C-B674-2FC61643BD47}.Release|x64.ActiveCfg = Release|x64
		{E9C83AFE-2E48-314C-B674-2FC61643BD47}.Release|x64.Build.0 = Release|x64
		{E9C83AFE-2E48-314C-B674-2FC61643BD47}.MinSizeRel|x64.ActiveCfg = MinSizeRel|x64
		{E9C83AFE-2E48-314C-B674-2FC61643BD47}.MinSizeRel|x64.Build.0 = MinSizeRel|x64
		{E9C83AFE-2E48-314C-B674-2FC61643BD47}.RelWithDebInfo|x64.ActiveCfg = RelWithDebInfo|x64
		{E9C83AFE-2E48-314C-B674-2FC61643BD47}.RelWithDebInfo|x64.Build.0 = RelWithDebInfo|x64
		{E2A3C013-A915-3EFF-9FFD-394911FAA828}.Debug|x64.ActiveCfg = Debug|x64
		{E2A3C013-A915-3EFF-9FFD-394911FAA828}.Debug|x64.Build.0 = Debug|x64
		{E2A3C013-A915-3EFF-9FFD-394911FAA828}.Release|x64.ActiveCfg = Release|x64
		{E2A3C013-A915-3EFF-9FFD-394911FAA828}.Release|x64.Build.0 = Release|x64
		{E2A3C013-A915-3EFF-9FFD-394911FAA828}.MinSizeRel|x64.ActiveCfg = MinSizeRel|x64
		{E2A3C013-A915-3EFF-9FFD-394911FAA828}.MinSizeRel|x64.Build.0 = MinSizeRel|x64
		{E2A3C013-A915-3EFF-9FFD-394911FAA828}.RelWithDebInfo|x64.ActiveCfg = RelWithDebInfo|x64
		{E2A3C013-A915-3EFF-9FFD-394911FAA828}.RelWithDebInfo|x64.Build.0 = RelWithDebInfo|x64
		{77672FAB-6669-3602-9771-A005F3E65FAD}.Debug|x64.ActiveCfg = Debug|x64
		{77672FAB-6669-3602-9771-A005F3E65FAD}.Debug|x64.Build.0 = Debug|x64
		{77672FAB-6669-3602-9771-A005F3E65FAD}.Release|x64.ActiveCfg = Release|x64
		{77672FAB-6669-3602-9771-A005F3E65FAD}.Release|x64.Build.0 = Release|x64
		{77672FAB-6669-3602-9771-A005F3E65FAD}.MinSizeRel|x64.ActiveCfg = MinSizeRel|x64
		{77672FAB-6669-3602-9771-A005F3E65FAD}.MinSizeRel|x64.Build.0 = MinSizeRel|x64
		{77672FAB-6669-3602-9771-A005F3E65FAD}.RelWithDebInfo|x64.ActiveCfg = RelWithDebInfo|x64
		{77672FAB-6669-3602-9771-A005F3E65FAD}.RelWithDebInfo|x64.Build.0 = RelWithDebInfo|x64
		{21CCCD1E-C26B-3C1A-A0CF-427E60A3472B}.Debug|x64.ActiveCfg = Debug|x64
		{21CCCD1E-C26B-3C1A-A0CF-427E60A3472B}.Debug|x64.Build.0 = Debug|x64
		{21CCCD1E-C26B-3C1A-A0CF-427E60A3472B}.Release|x64.ActiveCfg = Release|x64
		{21CCCD1E-C26B-3C1A-A0CF-427E60A3472B}.Release|x64.Build.0 = Release|x64
		{21CCCD1E-C26B-3C1A-A0CF-427E60A3472B}.MinSizeRel|x64.ActiveCfg = MinSizeRel|x64
		{21CCCD1E-C26B-3C1A-A0CF-427E60A3472B}.MinSizeRel|x64.Build.0 = MinSizeRel|x64
		{21CCCD1E-C26B-3C1A-A0CF-427E60A3472B}.RelWithDebInfo|x64.ActiveCfg = RelWithDebInfo|x64
		{21CCCD1E-C26B-3C1A-A0CF-427E60A3472B}.RelWithDebInfo|x64.Build.0 = RelWithDebInfo|x64
		{BCD23FC1-C90A-3162-9342-BAC3691B3B57}.Debug|x64.ActiveCfg = Debug|x64
		{BCD23FC1-C90A-3162-9342-BAC3691B3B57}.Debug|x64.Build.0 = Debug|x64
		{BCD23FC1-C90A-3162-9342-BAC3691B3B57}.Release|x64.ActiveCfg = Release|x64
		{BCD23FC1-C90A-3162-9342-BAC3691B3B57}.Release|x64.Build.0 = Release|x64
		{BCD23FC1-C90A-3162-9342-BAC3691B3B57}.MinSizeRel|x64.ActiveCfg = MinSizeRel|x64
		{BCD23FC1-C90A-3162-9342-BAC3691B3B57}.MinSizeRel|x64.Build.0 = MinSizeRel|x64
		{BCD23FC1-C90A-3162-9342-BAC3691B3B57}.RelWithDebInfo|x64.ActiveCfg = RelWithDebInfo|x64
		{BCD23FC1-C90A-3162-9342-BAC3691B3B57}.RelWithDebInfo|x64.Build.0 = RelWithDebInfo|x64
		{42566663-6A81-3A96-921E-DE89EC620E1C}.Debug|x64.ActiveCfg = Debug|x64
		{42566663-6A81-3A96-921E-DE89EC620E1C}.Debug|x64.Build.0 = Debug|x64
		{42566663-6A81-3A96-921E-DE89EC620E1C}.Release|x64.ActiveCfg = Release|x64
		{42566663-6A81-3A96-921E-DE89EC620E1C}.Release|x64.Build.0 = Release|x64
		{42566663-6A81-3A96-921E-DE89EC620E1C}.MinSizeRel|x64.ActiveCfg = MinSizeRel|x64
		{42566663-6A81-3A96-921E-DE89EC620E1C}.MinSizeRel|x64.Build.0 = MinSizeRel|x64
		{42566663-6A81-3A96-921E-DE89EC620E1C}.RelWithDebInfo|x64.ActiveCfg = RelWithDebInfo|x64
		{42566663-6A81-3A96-921E-DE89EC620E1C}.RelWithDebInfo|x64.Build.0 = RelWithDebInfo|x64
		{0295498D-00FF-360C-9501-B727D46D2217}.Debug|x64.ActiveCfg = Debug|x64
		{0295498D-00FF-360C-9501-B727D46D2217}.Debug|x64.Build.0 = Debug|x64
		{0295498D-00FF-360C-9501-B727D46D2217}.Release|x64.ActiveCfg = Release|x64
		{0295498D-00FF-360C-9501-B727D46D2217}.Release|x64.Build.0 = Release|x64
		{0295498D-00FF-360C-9501-B727D46D2217}.MinSizeRel|x64.ActiveCfg = MinSizeRel|x64
		{0295498D-00FF-360C-9501-B727D46D2217}.MinSizeRel|x64.Build.0 = MinSizeRel|x64
		{0295498D-00FF-360C-9501-B727D46D2217}.RelWithDebInfo|x64.ActiveCfg = RelWithDebInfo|x64
		{0295498D-00FF-360C-9501-B727D46D2217}.RelWithDebInfo|x64.Build.0 = RelWithDebInfo|x64
		{8E83DFE2-2853-3E69-914D-DB545CD95157}.Debug|x64.ActiveCfg = Debug|x64
		{8E83DFE2-2853-3E69-914D-DB545CD95157}.Debug|x64.Build.0 = Debug|x64
		{8E83DFE2-2853-3E69-914D-DB545CD95157}.Release|x64.ActiveCfg = Release|x64
		{8E83DFE2-2853-3E69-914D-DB545CD95157}.Release|x64.Build.0 = Release|x64
		{8E83DFE2-2853-3E69-914D-DB545CD95157}.MinSizeRel|x64.ActiveCfg = MinSizeRel|x64
		{8E83DFE2-2853-3E69-914D-DB545CD95157}.MinSizeRel|x64.Build.0 = MinSizeRel|x64
		{8E83DFE2-2853-3E69-914D-DB545CD95157}.RelWithDebInfo|x64.ActiveCfg = RelWithDebInfo|x64
		{8E83DFE2-2853-3E69-914D-DB545CD95157}.RelWithDebInfo|x64.Build.0 = RelWithDebInfo|x64
		{2F12F44E-5436-32E0-A4AC-C26A053489B7}.Debug|x64.ActiveCfg = Debug|x64
		{2F12F44E-5436-32E0-A4AC-C26A053489B7}.Debug|x64.Build.0 = Debug|x64
		{2F12F44E-5436-32E0-A4AC-C26A053489B7}.Release|x64.ActiveCfg = Release|x64
		{2F12F44E-5436-32E0-A4AC-C26A053489B7}.Release|x64.Build.0 = Release|x64
		{2F12F44E-5436-32E0-A4AC-C26A053489B7}.MinSizeRel|x64.ActiveCfg = MinSizeRel|x64
		{2F12F44E-5436-32E0-A4AC-C26A053489B7}.MinSizeRel|x64.Build.0 = MinSizeRel|x64
		{2F12F44E-5436-32E0-A4AC-C26A053489B7}.RelWithDebInfo|x64.ActiveCfg = RelWithDebInfo|x64
		{2F12F44E-5436-32E0-A4AC-C26A053489B7}.RelWithDebInfo|x64.Build.0 = RelWithDebInfo|x64
	EndGlobalSection
	GlobalSection(NestedProjects) = preSolution
		{B6B06A77-7CCC-3879-A2FA-E609994C2AEB} = {C043C7E8-153C-3DE0-8DDE-4A1123134E48}
		{AFB8CE74-CA4C-3519-BCF6-A547D1017229} = {EC41C3A6-E368-3487-9D9A-0CC6F3169795}
		{9BA2CC12-72EF-34D9-B29D-F9B91B25437A} = {EC41C3A6-E368-3487-9D9A-0CC6F3169795}
		{638F879A-4186-31DB-8A8E-2FC4AC3D80BE} = {EC41C3A6-E368-3487-9D9A-0CC6F3169795}
		{DA09B441-06CC-32B6-BDAE-B23B635B5588} = {976E3863-5C10-3630-9B7D-8B71E7CD0D22}
		{59E0D756-B428-317F-851F-9E8B0F12CA9A} = {976E3863-5C10-3630-9B7D-8B71E7CD0D22}
		{924BAD2B-3EC3-3DFB-A446-A3F1D5F732E9} = {976E3863-5C10-3630-9B7D-8B71E7CD0D22}
		{96C26594-81DD-31E1-81C3-C57D9EBB0687} = {976E3863-5C10-3630-9B7D-8B71E7CD0D22}
		{DD043B25-A3A0-39F1-A5BA-AF971585ADAF} = {976E3863-5C10-3630-9B7D-8B71E7CD0D22}
		{A74BD2C8-B42E-3AA3-A4FF-4DC8B4C1814D} = {976E3863-5C10-3630-9B7D-8B71E7CD0D22}
		{FF03F540-4285-3758-B856-B2630892C2D1} = {976E3863-5C10-3630-9B7D-8B71E7CD0D22}
		{7F9E55E0-E328-3822-894F-CC60E856D1B9} = {976E3863-5C10-3630-9B7D-8B71E7CD0D22}
		{E9C83AFE-2E48-314C-B674-2FC61643BD47} = {976E3863-5C10-3630-9B7D-8B71E7CD0D22}
		{E2A3C013-A915-3EFF-9FFD-394911FAA828} = {976E3863-5C10-3630-9B7D-8B71E7CD0D22}
		{77672FAB-6669-3602-9771-A005F3E65FAD} = {976E3863-5C10-3630-9B7D-8B71E7CD0D22}
		{21CCCD1E-C26B-3C1A-A0CF-427E60A3472B} = {976E3863-5C10-3630-9B7D-8B71E7CD0D22}
		{BCD23FC1-C90A-3162-9342-BAC3691B3B57} = {976E3863-5C10-3630-9B7D-8B71E7CD0D22}
		{42566663-6A81-3A96-921E-DE89EC620E1C} = {976E3863-5C10-3630-9B7D-8B71E7CD0D22}
		{0295498D-00FF-360C-9501-B727D46D2217} = {976E3863-5C10-3630-9B7D-8B71E7CD0D22}
		{8E83DFE2-2853-3E69-914D-DB545CD95157} = {976E3863-5C10-3630-9B7D-8B71E7CD0D22}
		{2F12F44E-5436-32E0-A4AC-C26A053489B7} = {976E3863-5C10-3630-9B7D-8B71E7CD0D22}
		{6A24F1E1-0907-3223-8543-A95FC1BDFABF} = {59F2B27D-14B9-3C28-9067-A59BE1FA9FB8}
		{872C4012-48F4-3E8F-A836-80DD34A89D14} = {59F2B27D-14B9-3C28-9067-A59BE1FA9FB8}
		{6BDFFAB9-9824-36D8-A4CB-3E39A2F5F3E7} = {59F2B27D-14B9-3C28-9067-A59BE1FA9FB8}
		{412E8691-3F89-346F-9581-3F7A13EC146E} = {59F2B27D-14B9-3C28-9067-A59BE1FA9FB8}
		{07916B41-CDA1-38FA-8A39-1377C1D6A3CD} = {65660CF1-5A88-33C1-8259-724F03CAEC32}
		{3668F1AA-08DD-300F-A377-B345345F1AA1} = {65660CF1-5A88-33C1-8259-724F03CAEC32}
		{4168CC49-E6FC-3C1C-85F9-1F907E844348} = {75AED31D-066A-38C1-902D-3416A38B6F56}
		{4A6A0B97-C942-3EB5-8699-72BB0B15BBDF} = {75AED31D-066A-38C1-902D-3416A38B6F56}
		{8F04BB6D-2C5B-3099-8C2A-26FD7E852FAD} = {75AED31D-066A-38C1-902D-3416A38B6F56}
		{C7BFD533-76D1-3FB5-96D1-36019EAD3D7E} = {75AED31D-066A-38C1-902D-3416A38B6F56}
		{A530A04F-F133-3BBA-9A1D-9A4F57DCE139} = {75AED31D-066A-38C1-902D-3416A38B6F56}
		{C7CAC867-1B61-3AA5-A5D3-0B6B2D5F4FB5} = {4168CC49-E6FC-3C1C-85F9-1F907E844348}
		{D2598A81-495C-3BC1-9723-14CEB152F180} = {4168CC49-E6FC-3C1C-85F9-1F907E844348}
		{EB6AC398-208D-3851-9945-6048ADF9C2CB} = {4168CC49-E6FC-3C1C-85F9-1F907E844348}
		{C5457E25-0E80-3AEE-AEDD-004AB3334C01} = {4168CC49-E6FC-3C1C-85F9-1F907E844348}
		{7B1C9EA2-A226-34B7-BE40-D91E0CA18AD2} = {4A6A0B97-C942-3EB5-8699-72BB0B15BBDF}
		{5C5EB48C-8D26-34DE-9FC2-A45CE7DF352F} = {4A6A0B97-C942-3EB5-8699-72BB0B15BBDF}
	EndGlobalSection
	GlobalSection(ExtensibilityGlobals) = postSolution
		SolutionGuid = {FC6BFE6F-F92F-3246-9E44-635D3AE9DB14}
	EndGlobalSection
	GlobalSection(ExtensibilityAddIns) = postSolution
	EndGlobalSection
EndGlobal
