Microsoft Visual Studio Solution File, Format Version 12.00
# Visual Studio 15
Project("{2150E333-8FDC-42A3-9474-1A3956D46DE8}") = "cmake", "cmake", "{EC41C3A6-E368-3487-9D9A-0CC6F3169795}"
EndProject
Project("{2150E333-8FDC-42A3-9474-1A3956D46DE8}") = "glslang", "glslang", "{59F2B27D-14B9-3C28-9067-A59BE1FA9FB8}"
EndProject
Project("{8BC9CEB8-8B4A-11D0-8D11-00A0C91BC942}") = "ALL_BUILD", "ALL_BUILD.vcxproj", "{AFB8CE74-CA4C-3519-BCF6-A547D1017229}"
	ProjectSection(ProjectDependencies) = postProject
		{6A24F1E1-0907-3223-8543-A95FC1BDFABF} = {6A24F1E1-0907-3223-8543-A95FC1BDFABF}
		{872C4012-48F4-3E8F-A836-80DD34A89D14} = {872C4012-48F4-3E8F-A836-80DD34A89D14}
		{6BDFFAB9-9824-36D8-A4CB-3E39A2F5F3E7} = {6BDFFAB9-9824-36D8-A4CB-3E39A2F5F3E7}
		{638F879A-4186-31DB-8A8E-2FC4AC3D80BE} = {638F879A-4186-31DB-8A8E-2FC4AC3D80BE}
		{412E8691-3F89-346F-9581-3F7A13EC146E} = {412E8691-3F89-346F-9581-3F7A13EC146E}
	EndProjectSection
EndProject
Project("{8BC9CEB8-8B4A-11D0-8D11-00A0C91BC942}") = "INSTALL", "INSTALL.vcxproj", "{9BA2CC12-72EF-34D9-B29D-F9B91B25437A}"
	ProjectSection(ProjectDependencies) = postProject
		{AFB8CE74-CA4C-3519-BCF6-A547D1017229} = {AFB8CE74-CA4C-3519-BCF6-A547D1017229}
		{638F879A-4186-31DB-8A8E-2FC4AC3D80BE} = {638F879A-4186-31DB-8A8E-2FC4AC3D80BE}
	EndProjectSection
EndProject
Project("{8BC9CEB8-8B4A-11D0-8D11-00A0C91BC942}") = "OGLCompiler", "OGLCompilersDLL\OGLCompiler.vcxproj", "{6A24F1E1-0907-3223-8543-A95FC1BDFABF}"
	ProjectSection(ProjectDependencies) = postProject
		{638F879A-4186-31DB-8A8E-2FC4AC3D80BE} = {638F879A-4186-31DB-8A8E-2FC4AC3D80BE}
	EndProjectSection
EndProject
Project("{8BC9CEB8-8B4A-11D0-8D11-00A0C91BC942}") = "OSDependent", "glslang\OSDependent\Windows\OSDependent.vcxproj", "{872C4012-48F4-3E8F-A836-80DD34A89D14}"
	ProjectSection(ProjectDependencies) = postProject
		{638F879A-4186-31DB-8A8E-2FC4AC3D80BE} = {638F879A-4186-31DB-8A8E-2FC4AC3D80BE}
	EndProjectSection
EndProject
Project("{8BC9CEB8-8B4A-11D0-8D11-00A0C91BC942}") = "SPIRV", "SPIRV\SPIRV.vcxproj", "{6BDFFAB9-9824-36D8-A4CB-3E39A2F5F3E7}"
	ProjectSection(ProjectDependencies) = postProject
		{6A24F1E1-0907-3223-8543-A95FC1BDFABF} = {6A24F1E1-0907-3223-8543-A95FC1BDFABF}
		{872C4012-48F4-3E8F-A836-80DD34A89D14} = {872C4012-48F4-3E8F-A836-80DD34A89D14}
		{638F879A-4186-31DB-8A8E-2FC4AC3D80BE} = {638F879A-4186-31DB-8A8E-2FC4AC3D80BE}
		{412E8691-3F89-346F-9581-3F7A13EC146E} = {412E8691-3F89-346F-9581-3F7A13EC146E}
	EndProjectSection
EndProject
Project("{8BC9CEB8-8B4A-11D0-8D11-00A0C91BC942}") = "ZERO_CHECK", "..\\ZERO_CHECK.vcxproj", "{638F879A-4186-31DB-8A8E-2FC4AC3D80BE}"
	ProjectSection(ProjectDependencies) = postProject
	EndProjectSection
EndProject
Project("{8BC9CEB8-8B4A-11D0-8D11-00A0C91BC942}") = "glslang", "glslang\glslang.vcxproj", "{412E8691-3F89-346F-9581-3F7A13EC146E}"
	ProjectSection(ProjectDependencies) = postProject
		{6A24F1E1-0907-3223-8543-A95FC1BDFABF} = {6A24F1E1-0907-3223-8543-A95FC1BDFABF}
		{872C4012-48F4-3E8F-A836-80DD34A89D14} = {872C4012-48F4-3E8F-A836-80DD34A89D14}
		{638F879A-4186-31DB-8A8E-2FC4AC3D80BE} = {638F879A-4186-31DB-8A8E-2FC4AC3D80BE}
	EndProjectSection
EndProject
Global
	GlobalSection(SolutionConfigurationPlatforms) = preSolution
		Debug|x64 = Debug|x64
		Release|x64 = Release|x64
		MinSizeRel|x64 = MinSizeRel|x64
		RelWithDebInfo|x64 = RelWithDebInfo|x64
	EndGlobalSection
	GlobalSection(ProjectConfigurationPlatforms) = postSolution
		{AFB8CE74-CA4C-3519-BCF6-A547D1017229}.Debug|x64.ActiveCfg = Debug|x64
		{AFB8CE74-CA4C-3519-BCF6-A547D1017229}.Debug|x64.Build.0 = Debug|x64
		{AFB8CE74-CA4C-3519-BCF6-A547D1017229}.Release|x64.ActiveCfg = Release|x64
		{AFB8CE74-CA4C-3519-BCF6-A547D1017229}.Release|x64.Build.0 = Release|x64
		{AFB8CE74-CA4C-3519-BCF6-A547D1017229}.MinSizeRel|x64.ActiveCfg = MinSizeRel|x64
		{AFB8CE74-CA4C-3519-BCF6-A547D1017229}.MinSizeRel|x64.Build.0 = MinSizeRel|x64
		{AFB8CE74-CA4C-3519-BCF6-A547D1017229}.RelWithDebInfo|x64.ActiveCfg = RelWithDebInfo|x64
		{AFB8CE74-CA4C-3519-BCF6-A547D1017229}.RelWithDebInfo|x64.Build.0 = RelWithDebInfo|x64
		{9BA2CC12-72EF-34D9-B29D-F9B91B25437A}.Debug|x64.ActiveCfg = Debug|x64
		{9BA2CC12-72EF-34D9-B29D-F9B91B25437A}.Release|x64.ActiveCfg = Release|x64
		{9BA2CC12-72EF-34D9-B29D-F9B91B25437A}.MinSizeRel|x64.ActiveCfg = MinSizeRel|x64
		{9BA2CC12-72EF-34D9-B29D-F9B91B25437A}.RelWithDebInfo|x64.ActiveCfg = RelWithDebInfo|x64
		{6A24F1E1-0907-3223-8543-A95FC1BDFABF}.Debug|x64.ActiveCfg = Debug|x64
		{6A24F1E1-0907-3223-8543-A95FC1BDFABF}.Debug|x64.Build.0 = Debug|x64
		{6A24F1E1-0907-3223-8543-A95FC1BDFABF}.Release|x64.ActiveCfg = Release|x64
		{6A24F1E1-0907-3223-8543-A95FC1BDFABF}.Release|x64.Build.0 = Release|x64
		{6A24F1E1-0907-3223-8543-A95FC1BDFABF}.MinSizeRel|x64.ActiveCfg = MinSizeRel|x64
		{6A24F1E1-0907-3223-8543-A95FC1BDFABF}.MinSizeRel|x64.Build.0 = MinSizeRel|x64
		{6A24F1E1-0907-3223-8543-A95FC1BDFABF}.RelWithDebInfo|x64.ActiveCfg = RelWithDebInfo|x64
		{6A24F1E1-0907-3223-8543-A95FC1BDFABF}.RelWithDebInfo|x64.Build.0 = RelWithDebInfo|x64
		{872C4012-48F4-3E8F-A836-80DD34A89D14}.Debug|x64.ActiveCfg = Debug|x64
		{872C4012-48F4-3E8F-A836-80DD34A89D14}.Debug|x64.Build.0 = Debug|x64
		{872C4012-48F4-3E8F-A836-80DD34A89D14}.Release|x64.ActiveCfg = Release|x64
		{872C4012-48F4-3E8F-A836-80DD34A89D14}.Release|x64.Build.0 = Release|x64
		{872C4012-48F4-3E8F-A836-80DD34A89D14}.MinSizeRel|x64.ActiveCfg = MinSizeRel|x64
		{872C4012-48F4-3E8F-A836-80DD34A89D14}.MinSizeRel|x64.Build.0 = MinSizeRel|x64
		{872C4012-48F4-3E8F-A836-80DD34A89D14}.RelWithDebInfo|x64.ActiveCfg = RelWithDebInfo|x64
		{872C4012-48F4-3E8F-A836-80DD34A89D14}.RelWithDebInfo|x64.Build.0 = RelWithDebInfo|x64
		{6BDFFAB9-9824-36D8-A4CB-3E39A2F5F3E7}.Debug|x64.ActiveCfg = Debug|x64
		{6BDFFAB9-9824-36D8-A4CB-3E39A2F5F3E7}.Debug|x64.Build.0 = Debug|x64
		{6BDFFAB9-9824-36D8-A4CB-3E39A2F5F3E7}.Release|x64.ActiveCfg = Release|x64
		{6BDFFAB9-9824-36D8-A4CB-3E39A2F5F3E7}.Release|x64.Build.0 = Release|x64
		{6BDFFAB9-9824-36D8-A4CB-3E39A2F5F3E7}.MinSizeRel|x64.ActiveCfg = MinSizeRel|x64
		{6BDFFAB9-9824-36D8-A4CB-3E39A2F5F3E7}.MinSizeRel|x64.Build.0 = MinSizeRel|x64
		{6BDFFAB9-9824-36D8-A4CB-3E39A2F5F3E7}.RelWithDebInfo|x64.ActiveCfg = RelWithDebInfo|x64
		{6BDFFAB9-9824-36D8-A4CB-3E39A2F5F3E7}.RelWithDebInfo|x64.Build.0 = RelWithDebInfo|x64
		{638F879A-4186-31DB-8A8E-2FC4AC3D80BE}.Debug|x64.ActiveCfg = Debug|x64
		{638F879A-4186-31DB-8A8E-2FC4AC3D80BE}.Debug|x64.Build.0 = Debug|x64
		{638F879A-4186-31DB-8A8E-2FC4AC3D80BE}.Release|x64.ActiveCfg = Release|x64
		{638F879A-4186-31DB-8A8E-2FC4AC3D80BE}.Release|x64.Build.0 = Release|x64
		{638F879A-4186-31DB-8A8E-2FC4AC3D80BE}.MinSizeRel|x64.ActiveCfg = MinSizeRel|x64
		{638F879A-4186-31DB-8A8E-2FC4AC3D80BE}.MinSizeRel|x64.Build.0 = MinSizeRel|x64
		{638F879A-4186-31DB-8A8E-2FC4AC3D80BE}.RelWithDebInfo|x64.ActiveCfg = RelWithDebInfo|x64
		{638F879A-4186-31DB-8A8E-2FC4AC3D80BE}.RelWithDebInfo|x64.Build.0 = RelWithDebInfo|x64
		{412E8691-3F89-346F-9581-3F7A13EC146E}.Debug|x64.ActiveCfg = Debug|x64
		{412E8691-3F89-346F-9581-3F7A13EC146E}.Debug|x64.Build.0 = Debug|x64
		{412E8691-3F89-346F-9581-3F7A13EC146E}.Release|x64.ActiveCfg = Release|x64
		{412E8691-3F89-346F-9581-3F7A13EC146E}.Release|x64.Build.0 = Release|x64
		{412E8691-3F89-346F-9581-3F7A13EC146E}.MinSizeRel|x64.ActiveCfg = MinSizeRel|x64
		{412E8691-3F89-346F-9581-3F7A13EC146E}.MinSizeRel|x64.Build.0 = MinSizeRel|x64
		{412E8691-3F89-346F-9581-3F7A13EC146E}.RelWithDebInfo|x64.ActiveCfg = RelWithDebInfo|x64
		{412E8691-3F89-346F-9581-3F7A13EC146E}.RelWithDebInfo|x64.Build.0 = RelWithDebInfo|x64
	EndGlobalSection
	GlobalSection(NestedProjects) = preSolution
		{AFB8CE74-CA4C-3519-BCF6-A547D1017229} = {EC41C3A6-E368-3487-9D9A-0CC6F3169795}
		{9BA2CC12-72EF-34D9-B29D-F9B91B25437A} = {EC41C3A6-E368-3487-9D9A-0CC6F3169795}
		{638F879A-4186-31DB-8A8E-2FC4AC3D80BE} = {EC41C3A6-E368-3487-9D9A-0CC6F3169795}
		{6A24F1E1-0907-3223-8543-A95FC1BDFABF} = {59F2B27D-14B9-3C28-9067-A59BE1FA9FB8}
		{872C4012-48F4-3E8F-A836-80DD34A89D14} = {59F2B27D-14B9-3C28-9067-A59BE1FA9FB8}
		{6BDFFAB9-9824-36D8-A4CB-3E39A2F5F3E7} = {59F2B27D-14B9-3C28-9067-A59BE1FA9FB8}
		{412E8691-3F89-346F-9581-3F7A13EC146E} = {59F2B27D-14B9-3C28-9067-A59BE1FA9FB8}
	EndGlobalSection
	GlobalSection(ExtensibilityGlobals) = postSolution
		SolutionGuid = {B1EBC984-9B38-3854-B70B-165A9091B082}
	EndGlobalSection
	GlobalSection(ExtensibilityAddIns) = postSolution
	EndGlobalSection
EndGlobal
