<?xml version="1.0" encoding="utf-8"?>
<Project ToolsVersion="15.0" xmlns="http://schemas.microsoft.com/developer/msbuild/2003">
  <ItemGroup>
    <ClCompile Include="F:\pytorch2ncnn\ncnn\glslang\glslang\MachineIndependent\glslang_tab.cpp">
      <Filter>MachineIndependent</Filter>
    </ClCompile>
    <ClCompile Include="F:\pytorch2ncnn\ncnn\glslang\glslang\MachineIndependent\attribute.cpp">
      <Filter>MachineIndependent</Filter>
    </ClCompile>
    <ClCompile Include="F:\pytorch2ncnn\ncnn\glslang\glslang\MachineIndependent\Constant.cpp">
      <Filter>MachineIndependent</Filter>
    </ClCompile>
    <ClCompile Include="F:\pytorch2ncnn\ncnn\glslang\glslang\MachineIndependent\iomapper.cpp">
      <Filter>MachineIndependent</Filter>
    </ClCompile>
    <ClCompile Include="F:\pytorch2ncnn\ncnn\glslang\glslang\MachineIndependent\InfoSink.cpp">
      <Filter>MachineIndependent</Filter>
    </ClCompile>
    <ClCompile Include="F:\pytorch2ncnn\ncnn\glslang\glslang\MachineIndependent\Initialize.cpp">
      <Filter>MachineIndependent</Filter>
    </ClCompile>
    <ClCompile Include="F:\pytorch2ncnn\ncnn\glslang\glslang\MachineIndependent\IntermTraverse.cpp">
      <Filter>MachineIndependent</Filter>
    </ClCompile>
    <ClCompile Include="F:\pytorch2ncnn\ncnn\glslang\glslang\MachineIndependent\Intermediate.cpp">
      <Filter>MachineIndependent</Filter>
    </ClCompile>
    <ClCompile Include="F:\pytorch2ncnn\ncnn\glslang\glslang\MachineIndependent\ParseContextBase.cpp">
      <Filter>MachineIndependent</Filter>
    </ClCompile>
    <ClCompile Include="F:\pytorch2ncnn\ncnn\glslang\glslang\MachineIndependent\ParseHelper.cpp">
      <Filter>MachineIndependent</Filter>
    </ClCompile>
    <ClCompile Include="F:\pytorch2ncnn\ncnn\glslang\glslang\MachineIndependent\PoolAlloc.cpp">
      <Filter>MachineIndependent</Filter>
    </ClCompile>
    <ClCompile Include="F:\pytorch2ncnn\ncnn\glslang\glslang\MachineIndependent\RemoveTree.cpp">
      <Filter>MachineIndependent</Filter>
    </ClCompile>
    <ClCompile Include="F:\pytorch2ncnn\ncnn\glslang\glslang\MachineIndependent\Scan.cpp">
      <Filter>MachineIndependent</Filter>
    </ClCompile>
    <ClCompile Include="F:\pytorch2ncnn\ncnn\glslang\glslang\MachineIndependent\ShaderLang.cpp">
      <Filter>MachineIndependent</Filter>
    </ClCompile>
    <ClCompile Include="F:\pytorch2ncnn\ncnn\glslang\glslang\MachineIndependent\SymbolTable.cpp">
      <Filter>MachineIndependent</Filter>
    </ClCompile>
    <ClCompile Include="F:\pytorch2ncnn\ncnn\glslang\glslang\MachineIndependent\Versions.cpp">
      <Filter>MachineIndependent</Filter>
    </ClCompile>
    <ClCompile Include="F:\pytorch2ncnn\ncnn\glslang\glslang\MachineIndependent\intermOut.cpp">
      <Filter>MachineIndependent</Filter>
    </ClCompile>
    <ClCompile Include="F:\pytorch2ncnn\ncnn\glslang\glslang\MachineIndependent\limits.cpp">
      <Filter>MachineIndependent</Filter>
    </ClCompile>
    <ClCompile Include="F:\pytorch2ncnn\ncnn\glslang\glslang\MachineIndependent\linkValidate.cpp">
      <Filter>MachineIndependent</Filter>
    </ClCompile>
    <ClCompile Include="F:\pytorch2ncnn\ncnn\glslang\glslang\MachineIndependent\parseConst.cpp">
      <Filter>MachineIndependent</Filter>
    </ClCompile>
    <ClCompile Include="F:\pytorch2ncnn\ncnn\glslang\glslang\MachineIndependent\reflection.cpp">
      <Filter>MachineIndependent</Filter>
    </ClCompile>
    <ClCompile Include="F:\pytorch2ncnn\ncnn\glslang\glslang\MachineIndependent\preprocessor\Pp.cpp">
      <Filter>MachineIndependent\Preprocessor</Filter>
    </ClCompile>
    <ClCompile Include="F:\pytorch2ncnn\ncnn\glslang\glslang\MachineIndependent\preprocessor\PpAtom.cpp">
      <Filter>MachineIndependent\Preprocessor</Filter>
    </ClCompile>
    <ClCompile Include="F:\pytorch2ncnn\ncnn\glslang\glslang\MachineIndependent\preprocessor\PpContext.cpp">
      <Filter>MachineIndependent\Preprocessor</Filter>
    </ClCompile>
    <ClCompile Include="F:\pytorch2ncnn\ncnn\glslang\glslang\MachineIndependent\preprocessor\PpScanner.cpp">
      <Filter>MachineIndependent\Preprocessor</Filter>
    </ClCompile>
    <ClCompile Include="F:\pytorch2ncnn\ncnn\glslang\glslang\MachineIndependent\preprocessor\PpTokens.cpp">
      <Filter>MachineIndependent\Preprocessor</Filter>
    </ClCompile>
    <ClCompile Include="F:\pytorch2ncnn\ncnn\glslang\glslang\MachineIndependent\propagateNoContraction.cpp">
      <Filter>MachineIndependent</Filter>
    </ClCompile>
    <ClCompile Include="F:\pytorch2ncnn\ncnn\glslang\glslang\GenericCodeGen\CodeGen.cpp">
      <Filter>GenericCodeGen</Filter>
    </ClCompile>
    <ClCompile Include="F:\pytorch2ncnn\ncnn\glslang\glslang\GenericCodeGen\Link.cpp">
      <Filter>GenericCodeGen</Filter>
    </ClCompile>
    <ClCompile Include="F:\pytorch2ncnn\ncnn\glslang\glslang\CInterface\glslang_c_interface.cpp">
      <Filter>Source Files</Filter>
    </ClCompile>
  </ItemGroup>
  <ItemGroup>
    <ClInclude Include="F:\pytorch2ncnn\ncnn\glslang\glslang\Public\ShaderLang.h">
      <Filter>Public</Filter>
    </ClInclude>
    <ClInclude Include="F:\pytorch2ncnn\ncnn\glslang\glslang\Include\arrays.h">
      <Filter>Include</Filter>
    </ClInclude>
    <ClInclude Include="F:\pytorch2ncnn\ncnn\glslang\glslang\Include\BaseTypes.h">
      <Filter>Include</Filter>
    </ClInclude>
    <ClInclude Include="F:\pytorch2ncnn\ncnn\glslang\glslang\Include\Common.h">
      <Filter>Include</Filter>
    </ClInclude>
    <ClInclude Include="F:\pytorch2ncnn\ncnn\glslang\glslang\Include\ConstantUnion.h">
      <Filter>Include</Filter>
    </ClInclude>
    <ClInclude Include="F:\pytorch2ncnn\ncnn\glslang\glslang\Include\glslang_c_interface.h">
      <Filter>Include</Filter>
    </ClInclude>
    <ClInclude Include="F:\pytorch2ncnn\ncnn\glslang\glslang\Include\glslang_c_shader_types.h">
      <Filter>Include</Filter>
    </ClInclude>
    <ClInclude Include="F:\pytorch2ncnn\ncnn\glslang\glslang\Include\InfoSink.h">
      <Filter>Include</Filter>
    </ClInclude>
    <ClInclude Include="F:\pytorch2ncnn\ncnn\glslang\glslang\Include\InitializeGlobals.h">
      <Filter>Include</Filter>
    </ClInclude>
    <ClInclude Include="F:\pytorch2ncnn\ncnn\glslang\glslang\Include\intermediate.h">
      <Filter>Include</Filter>
    </ClInclude>
    <ClInclude Include="F:\pytorch2ncnn\ncnn\glslang\glslang\Include\PoolAlloc.h">
      <Filter>Include</Filter>
    </ClInclude>
    <ClInclude Include="F:\pytorch2ncnn\ncnn\glslang\glslang\Include\ResourceLimits.h">
      <Filter>Include</Filter>
    </ClInclude>
    <ClInclude Include="F:\pytorch2ncnn\ncnn\glslang\glslang\Include\revision.h">
      <Filter>Include</Filter>
    </ClInclude>
    <ClInclude Include="F:\pytorch2ncnn\ncnn\glslang\glslang\Include\ShHandle.h">
      <Filter>Include</Filter>
    </ClInclude>
    <ClInclude Include="F:\pytorch2ncnn\ncnn\glslang\glslang\Include\Types.h">
      <Filter>Include</Filter>
    </ClInclude>
    <ClInclude Include="F:\pytorch2ncnn\ncnn\glslang\glslang\MachineIndependent\attribute.h">
      <Filter>MachineIndependent</Filter>
    </ClInclude>
    <ClInclude Include="F:\pytorch2ncnn\ncnn\glslang\glslang\MachineIndependent\glslang_tab.cpp.h">
      <Filter>MachineIndependent</Filter>
    </ClInclude>
    <ClInclude Include="F:\pytorch2ncnn\ncnn\glslang\glslang\MachineIndependent\gl_types.h">
      <Filter>MachineIndependent</Filter>
    </ClInclude>
    <ClInclude Include="F:\pytorch2ncnn\ncnn\glslang\glslang\MachineIndependent\Initialize.h">
      <Filter>MachineIndependent</Filter>
    </ClInclude>
    <ClInclude Include="F:\pytorch2ncnn\ncnn\glslang\glslang\MachineIndependent\iomapper.h">
      <Filter>MachineIndependent</Filter>
    </ClInclude>
    <ClInclude Include="F:\pytorch2ncnn\ncnn\glslang\glslang\MachineIndependent\LiveTraverser.h">
      <Filter>MachineIndependent</Filter>
    </ClInclude>
    <ClInclude Include="F:\pytorch2ncnn\ncnn\glslang\glslang\MachineIndependent\localintermediate.h">
      <Filter>MachineIndependent</Filter>
    </ClInclude>
    <ClInclude Include="F:\pytorch2ncnn\ncnn\glslang\glslang\MachineIndependent\ParseHelper.h">
      <Filter>MachineIndependent</Filter>
    </ClInclude>
    <ClInclude Include="F:\pytorch2ncnn\ncnn\glslang\glslang\MachineIndependent\reflection.h">
      <Filter>MachineIndependent</Filter>
    </ClInclude>
    <ClInclude Include="F:\pytorch2ncnn\ncnn\glslang\glslang\MachineIndependent\RemoveTree.h">
      <Filter>MachineIndependent</Filter>
    </ClInclude>
    <ClInclude Include="F:\pytorch2ncnn\ncnn\glslang\glslang\MachineIndependent\Scan.h">
      <Filter>MachineIndependent</Filter>
    </ClInclude>
    <ClInclude Include="F:\pytorch2ncnn\ncnn\glslang\glslang\MachineIndependent\ScanContext.h">
      <Filter>MachineIndependent</Filter>
    </ClInclude>
    <ClInclude Include="F:\pytorch2ncnn\ncnn\glslang\glslang\MachineIndependent\SymbolTable.h">
      <Filter>MachineIndependent</Filter>
    </ClInclude>
    <ClInclude Include="F:\pytorch2ncnn\ncnn\glslang\glslang\MachineIndependent\Versions.h">
      <Filter>MachineIndependent</Filter>
    </ClInclude>
    <ClInclude Include="F:\pytorch2ncnn\ncnn\glslang\glslang\MachineIndependent\parseVersions.h">
      <Filter>MachineIndependent</Filter>
    </ClInclude>
    <ClInclude Include="F:\pytorch2ncnn\ncnn\glslang\glslang\MachineIndependent\propagateNoContraction.h">
      <Filter>MachineIndependent</Filter>
    </ClInclude>
    <ClInclude Include="F:\pytorch2ncnn\ncnn\glslang\glslang\MachineIndependent\preprocessor\PpContext.h">
      <Filter>MachineIndependent\Preprocessor</Filter>
    </ClInclude>
    <ClInclude Include="F:\pytorch2ncnn\ncnn\glslang\glslang\MachineIndependent\preprocessor\PpTokens.h">
      <Filter>MachineIndependent\Preprocessor</Filter>
    </ClInclude>
  </ItemGroup>
  <ItemGroup>
    <CustomBuild Include="F:\pytorch2ncnn\ncnn\glslang\glslang\CMakeLists.txt" />
  </ItemGroup>
  <ItemGroup>
    <None Include="F:\pytorch2ncnn\ncnn\glslang\glslang\MachineIndependent\glslang.m4">
      <Filter>MachineIndependent</Filter>
    </None>
    <None Include="F:\pytorch2ncnn\ncnn\glslang\glslang\MachineIndependent\glslang.y">
      <Filter>MachineIndependent</Filter>
    </None>
  </ItemGroup>
  <ItemGroup>
    <Filter Include="GenericCodeGen">
      <UniqueIdentifier>{B31D98E1-2451-3693-9B95-DE0EC5856ED8}</UniqueIdentifier>
    </Filter>
    <Filter Include="Include">
      <UniqueIdentifier>{4700C32C-97D9-3D8A-B1F1-D089456A6F24}</UniqueIdentifier>
    </Filter>
    <Filter Include="MachineIndependent">
      <UniqueIdentifier>{2EEBBE79-7E2D-363B-A51B-975174999717}</UniqueIdentifier>
    </Filter>
    <Filter Include="MachineIndependent\Preprocessor">
      <UniqueIdentifier>{E52CE845-C6B7-3F0F-AB1A-BB1292D6A0DF}</UniqueIdentifier>
    </Filter>
    <Filter Include="Public">
      <UniqueIdentifier>{8BDA3431-94B4-3CA0-B928-0D7C78174F5C}</UniqueIdentifier>
    </Filter>
    <Filter Include="Source Files">
      <UniqueIdentifier>{C44FC30A-B92E-38D0-81EE-54033397CE9D}</UniqueIdentifier>
    </Filter>
  </ItemGroup>
</Project>
